// !$*UTF8*$!
{
	archiveVersion = 1;
	classes = {
	};
	objectVersion = 50;
	objects = {

/* Begin PBXBuildFile section */
		4109C7D33CE28F67F8B64FB2 /* Pods_Watcher.framework in Frameworks */ = {isa = PBXBuildFile; fileRef = CCA055E1F77FE6F65F4D6137 /* Pods_Watcher.framework */; };
		B2296FC922136636003F9228 /* ValidatorTests.swift in Sources */ = {isa = PBXBuildFile; fileRef = B2296FC822136636003F9228 /* ValidatorTests.swift */; };
		B2296FCC2214AB00003F9228 /* AuthViewController.xib in Resources */ = {isa = PBXBuildFile; fileRef = B2296FCB2214AB00003F9228 /* AuthViewController.xib */; };
		B253DB0322109C56001A1EDF /* AppDelegate.swift in Sources */ = {isa = PBXBuildFile; fileRef = B253DB0222109C56001A1EDF /* AppDelegate.swift */; };
		B253DB0A22109C57001A1EDF /* Assets.xcassets in Resources */ = {isa = PBXBuildFile; fileRef = B253DB0922109C57001A1EDF /* Assets.xcassets */; };
		B253DB0D22109C57001A1EDF /* LaunchScreen.storyboard in Resources */ = {isa = PBXBuildFile; fileRef = B253DB0B22109C57001A1EDF /* LaunchScreen.storyboard */; };
		B253DB322210E0CD001A1EDF /* SourceSansPro-Light.ttf in Resources */ = {isa = PBXBuildFile; fileRef = B253DB262210E0CC001A1EDF /* SourceSansPro-Light.ttf */; };
		B253DB332210E0CD001A1EDF /* SourceSansPro-Bold.ttf in Resources */ = {isa = PBXBuildFile; fileRef = B253DB272210E0CC001A1EDF /* SourceSansPro-Bold.ttf */; };
		B253DB342210E0CD001A1EDF /* SourceSansPro-SemiBold.ttf in Resources */ = {isa = PBXBuildFile; fileRef = B253DB282210E0CC001A1EDF /* SourceSansPro-SemiBold.ttf */; };
		B253DB352210E0CD001A1EDF /* SourceSansPro-Italic.ttf in Resources */ = {isa = PBXBuildFile; fileRef = B253DB292210E0CC001A1EDF /* SourceSansPro-Italic.ttf */; };
		B253DB362210E0CD001A1EDF /* SourceSansPro-ExtraLight.ttf in Resources */ = {isa = PBXBuildFile; fileRef = B253DB2A2210E0CC001A1EDF /* SourceSansPro-ExtraLight.ttf */; };
		B253DB372210E0CD001A1EDF /* SourceSansPro-ExtraLightItalic.ttf in Resources */ = {isa = PBXBuildFile; fileRef = B253DB2B2210E0CD001A1EDF /* SourceSansPro-ExtraLightItalic.ttf */; };
		B253DB382210E0CD001A1EDF /* SourceSansPro-Black.ttf in Resources */ = {isa = PBXBuildFile; fileRef = B253DB2C2210E0CD001A1EDF /* SourceSansPro-Black.ttf */; };
		B253DB392210E0CD001A1EDF /* SourceSansPro-BoldItalic.ttf in Resources */ = {isa = PBXBuildFile; fileRef = B253DB2D2210E0CD001A1EDF /* SourceSansPro-BoldItalic.ttf */; };
		B253DB3A2210E0CD001A1EDF /* SourceSansPro-Regular.ttf in Resources */ = {isa = PBXBuildFile; fileRef = B253DB2E2210E0CD001A1EDF /* SourceSansPro-Regular.ttf */; };
		B253DB3B2210E0CD001A1EDF /* SourceSansPro-LightItalic.ttf in Resources */ = {isa = PBXBuildFile; fileRef = B253DB2F2210E0CD001A1EDF /* SourceSansPro-LightItalic.ttf */; };
		B253DB3C2210E0CD001A1EDF /* SourceSansPro-SemiBoldItalic.ttf in Resources */ = {isa = PBXBuildFile; fileRef = B253DB302210E0CD001A1EDF /* SourceSansPro-SemiBoldItalic.ttf */; };
		B253DB3D2210E0CD001A1EDF /* SourceSansPro-BlackItalic.ttf in Resources */ = {isa = PBXBuildFile; fileRef = B253DB312210E0CD001A1EDF /* SourceSansPro-BlackItalic.ttf */; };
		B253DB4122116674001A1EDF /* AuthViewController.swift in Sources */ = {isa = PBXBuildFile; fileRef = B253DB4022116674001A1EDF /* AuthViewController.swift */; };
		B253DB432211FB1E001A1EDF /* User.swift in Sources */ = {isa = PBXBuildFile; fileRef = B253DB422211FB1D001A1EDF /* User.swift */; };
		B253DB46221204E2001A1EDF /* Client.swift in Sources */ = {isa = PBXBuildFile; fileRef = B253DB45221204E2001A1EDF /* Client.swift */; };
		B253DB482212AE9D001A1EDF /* AuthService.swift in Sources */ = {isa = PBXBuildFile; fileRef = B253DB472212AE9D001A1EDF /* AuthService.swift */; };
		B253DB4C2212F789001A1EDF /* Validator.swift in Sources */ = {isa = PBXBuildFile; fileRef = B253DB4B2212F788001A1EDF /* Validator.swift */; };
/* End PBXBuildFile section */

/* Begin PBXContainerItemProxy section */
		B2296FC12213647E003F9228 /* PBXContainerItemProxy */ = {
			isa = PBXContainerItemProxy;
			containerPortal = B253DAF722109C56001A1EDF /* Project object */;
			proxyType = 1;
			remoteGlobalIDString = B253DAFE22109C56001A1EDF;
			remoteInfo = Watcher;
		};
/* End PBXContainerItemProxy section */

/* Begin PBXFileReference section */
		0962D2560557BB9F8192CA28 /* Pods-Watcher.release.xcconfig */ = {isa = PBXFileReference; includeInIndex = 1; lastKnownFileType = text.xcconfig; name = "Pods-Watcher.release.xcconfig"; path = "Target Support Files/Pods-Watcher/Pods-Watcher.release.xcconfig"; sourceTree = "<group>"; };
		6F72D893D19D2FFED0656759 /* Pods-Watcher.debug.xcconfig */ = {isa = PBXFileReference; includeInIndex = 1; lastKnownFileType = text.xcconfig; name = "Pods-Watcher.debug.xcconfig"; path = "Target Support Files/Pods-Watcher/Pods-Watcher.debug.xcconfig"; sourceTree = "<group>"; };
		B2296FBC2213647E003F9228 /* WatcherTests.xctest */ = {isa = PBXFileReference; explicitFileType = wrapper.cfbundle; includeInIndex = 0; path = WatcherTests.xctest; sourceTree = BUILT_PRODUCTS_DIR; };
		B2296FC02213647E003F9228 /* Info.plist */ = {isa = PBXFileReference; lastKnownFileType = text.plist.xml; path = Info.plist; sourceTree = "<group>"; };
		B2296FC822136636003F9228 /* ValidatorTests.swift */ = {isa = PBXFileReference; lastKnownFileType = sourcecode.swift; path = ValidatorTests.swift; sourceTree = "<group>"; };
		B2296FCB2214AB00003F9228 /* AuthViewController.xib */ = {isa = PBXFileReference; lastKnownFileType = file.xib; path = AuthViewController.xib; sourceTree = "<group>"; };
		B253DAFF22109C56001A1EDF /* Watcher.app */ = {isa = PBXFileReference; explicitFileType = wrapper.application; includeInIndex = 0; path = Watcher.app; sourceTree = BUILT_PRODUCTS_DIR; };
		B253DB0222109C56001A1EDF /* AppDelegate.swift */ = {isa = PBXFileReference; lastKnownFileType = sourcecode.swift; path = AppDelegate.swift; sourceTree = "<group>"; };
		B253DB0922109C57001A1EDF /* Assets.xcassets */ = {isa = PBXFileReference; lastKnownFileType = folder.assetcatalog; path = Assets.xcassets; sourceTree = "<group>"; };
		B253DB0C22109C57001A1EDF /* Base */ = {isa = PBXFileReference; lastKnownFileType = file.storyboard; name = Base; path = Base.lproj/LaunchScreen.storyboard; sourceTree = "<group>"; };
		B253DB0E22109C57001A1EDF /* Info.plist */ = {isa = PBXFileReference; lastKnownFileType = text.plist.xml; path = Info.plist; sourceTree = "<group>"; };
		B253DB262210E0CC001A1EDF /* SourceSansPro-Light.ttf */ = {isa = PBXFileReference; lastKnownFileType = file; path = "SourceSansPro-Light.ttf"; sourceTree = "<group>"; };
		B253DB272210E0CC001A1EDF /* SourceSansPro-Bold.ttf */ = {isa = PBXFileReference; lastKnownFileType = file; path = "SourceSansPro-Bold.ttf"; sourceTree = "<group>"; };
		B253DB282210E0CC001A1EDF /* SourceSansPro-SemiBold.ttf */ = {isa = PBXFileReference; lastKnownFileType = file; path = "SourceSansPro-SemiBold.ttf"; sourceTree = "<group>"; };
		B253DB292210E0CC001A1EDF /* SourceSansPro-Italic.ttf */ = {isa = PBXFileReference; lastKnownFileType = file; path = "SourceSansPro-Italic.ttf"; sourceTree = "<group>"; };
		B253DB2A2210E0CC001A1EDF /* SourceSansPro-ExtraLight.ttf */ = {isa = PBXFileReference; lastKnownFileType = file; path = "SourceSansPro-ExtraLight.ttf"; sourceTree = "<group>"; };
		B253DB2B2210E0CD001A1EDF /* SourceSansPro-ExtraLightItalic.ttf */ = {isa = PBXFileReference; lastKnownFileType = file; path = "SourceSansPro-ExtraLightItalic.ttf"; sourceTree = "<group>"; };
		B253DB2C2210E0CD001A1EDF /* SourceSansPro-Black.ttf */ = {isa = PBXFileReference; lastKnownFileType = file; path = "SourceSansPro-Black.ttf"; sourceTree = "<group>"; };
		B253DB2D2210E0CD001A1EDF /* SourceSansPro-BoldItalic.ttf */ = {isa = PBXFileReference; lastKnownFileType = file; path = "SourceSansPro-BoldItalic.ttf"; sourceTree = "<group>"; };
		B253DB2E2210E0CD001A1EDF /* SourceSansPro-Regular.ttf */ = {isa = PBXFileReference; lastKnownFileType = file; path = "SourceSansPro-Regular.ttf"; sourceTree = "<group>"; };
		B253DB2F2210E0CD001A1EDF /* SourceSansPro-LightItalic.ttf */ = {isa = PBXFileReference; lastKnownFileType = file; path = "SourceSansPro-LightItalic.ttf"; sourceTree = "<group>"; };
		B253DB302210E0CD001A1EDF /* SourceSansPro-SemiBoldItalic.ttf */ = {isa = PBXFileReference; lastKnownFileType = file; path = "SourceSansPro-SemiBoldItalic.ttf"; sourceTree = "<group>"; };
		B253DB312210E0CD001A1EDF /* SourceSansPro-BlackItalic.ttf */ = {isa = PBXFileReference; lastKnownFileType = file; path = "SourceSansPro-BlackItalic.ttf"; sourceTree = "<group>"; };
		B253DB4022116674001A1EDF /* AuthViewController.swift */ = {isa = PBXFileReference; lastKnownFileType = sourcecode.swift; path = AuthViewController.swift; sourceTree = "<group>"; };
		B253DB422211FB1D001A1EDF /* User.swift */ = {isa = PBXFileReference; lastKnownFileType = sourcecode.swift; path = User.swift; sourceTree = "<group>"; };
		B253DB45221204E2001A1EDF /* Client.swift */ = {isa = PBXFileReference; lastKnownFileType = sourcecode.swift; path = Client.swift; sourceTree = "<group>"; };
		B253DB472212AE9D001A1EDF /* AuthService.swift */ = {isa = PBXFileReference; lastKnownFileType = sourcecode.swift; path = AuthService.swift; sourceTree = "<group>"; };
		B253DB4B2212F788001A1EDF /* Validator.swift */ = {isa = PBXFileReference; lastKnownFileType = sourcecode.swift; path = Validator.swift; sourceTree = "<group>"; };
		CCA055E1F77FE6F65F4D6137 /* Pods_Watcher.framework */ = {isa = PBXFileReference; explicitFileType = wrapper.framework; includeInIndex = 0; path = Pods_Watcher.framework; sourceTree = BUILT_PRODUCTS_DIR; };
/* End PBXFileReference section */

/* Begin PBXFrameworksBuildPhase section */
		B2296FB92213647E003F9228 /* Frameworks */ = {
			isa = PBXFrameworksBuildPhase;
			buildActionMask = 2147483647;
			files = (
			);
			runOnlyForDeploymentPostprocessing = 0;
		};
		B253DAFC22109C56001A1EDF /* Frameworks */ = {
			isa = PBXFrameworksBuildPhase;
			buildActionMask = 2147483647;
			files = (
				4109C7D33CE28F67F8B64FB2 /* Pods_Watcher.framework in Frameworks */,
			);
			runOnlyForDeploymentPostprocessing = 0;
		};
/* End PBXFrameworksBuildPhase section */

/* Begin PBXGroup section */
		0E592841365DB9B5DA58B122 /* Frameworks */ = {
			isa = PBXGroup;
			children = (
				CCA055E1F77FE6F65F4D6137 /* Pods_Watcher.framework */,
			);
			name = Frameworks;
			sourceTree = "<group>";
		};
		6463BCC4C5D580FB2DC0F570 /* Pods */ = {
			isa = PBXGroup;
			children = (
				6F72D893D19D2FFED0656759 /* Pods-Watcher.debug.xcconfig */,
				0962D2560557BB9F8192CA28 /* Pods-Watcher.release.xcconfig */,
			);
			path = Pods;
			sourceTree = "<group>";
		};
		B2296FBD2213647E003F9228 /* WatcherTests */ = {
			isa = PBXGroup;
			children = (
				B2296FC02213647E003F9228 /* Info.plist */,
				B2296FC822136636003F9228 /* ValidatorTests.swift */,
			);
			path = WatcherTests;
			sourceTree = "<group>";
		};
		B253DAF622109C56001A1EDF = {
			isa = PBXGroup;
			children = (
				B253DB0122109C56001A1EDF /* Watcher */,
				B2296FBD2213647E003F9228 /* WatcherTests */,
				B253DB0022109C56001A1EDF /* Products */,
				6463BCC4C5D580FB2DC0F570 /* Pods */,
				0E592841365DB9B5DA58B122 /* Frameworks */,
			);
			sourceTree = "<group>";
		};
		B253DB0022109C56001A1EDF /* Products */ = {
			isa = PBXGroup;
			children = (
				B253DAFF22109C56001A1EDF /* Watcher.app */,
				B2296FBC2213647E003F9228 /* WatcherTests.xctest */,
			);
			name = Products;
			sourceTree = "<group>";
		};
		B253DB0122109C56001A1EDF /* Watcher */ = {
			isa = PBXGroup;
			children = (
				B253DB1B2210C283001A1EDF /* Classes */,
				B253DB1D2210C2AC001A1EDF /* Resources */,
				B253DB1C2210C29F001A1EDF /* Supporting Files */,
			);
			path = Watcher;
			sourceTree = "<group>";
		};
		B253DB1B2210C283001A1EDF /* Classes */ = {
			isa = PBXGroup;
			children = (
				B253DB1F2210C311001A1EDF /* Application */,
				B253DB202210C345001A1EDF /* Business Logic */,
				B253DB1E2210C302001A1EDF /* Presentation */,
			);
			path = Classes;
			sourceTree = "<group>";
		};
		B253DB1C2210C29F001A1EDF /* Supporting Files */ = {
			isa = PBXGroup;
			children = (
				B253DB0E22109C57001A1EDF /* Info.plist */,
			);
			path = "Supporting Files";
			sourceTree = "<group>";
		};
		B253DB1D2210C2AC001A1EDF /* Resources */ = {
			isa = PBXGroup;
			children = (
				B253DB3E2210E0DD001A1EDF /* Fonts */,
				B253DB0922109C57001A1EDF /* Assets.xcassets */,
			);
			path = Resources;
			sourceTree = "<group>";
		};
		B253DB1E2210C302001A1EDF /* Presentation */ = {
			isa = PBXGroup;
			children = (
				B253DB212210C38D001A1EDF /* User Story */,
				B253DB0B22109C57001A1EDF /* LaunchScreen.storyboard */,
			);
			path = Presentation;
			sourceTree = "<group>";
		};
		B253DB1F2210C311001A1EDF /* Application */ = {
			isa = PBXGroup;
			children = (
				B253DB0222109C56001A1EDF /* AppDelegate.swift */,
			);
			path = Application;
			sourceTree = "<group>";
		};
		B253DB202210C345001A1EDF /* Business Logic */ = {
			isa = PBXGroup;
			children = (
				B253DB242210C540001A1EDF /* Common */,
				B253DB222210C4AD001A1EDF /* Model */,
				B253DB232210C4B8001A1EDF /* Service */,
			);
			path = "Business Logic";
			sourceTree = "<group>";
		};
		B253DB212210C38D001A1EDF /* User Story */ = {
			isa = PBXGroup;
			children = (
				B253DB252210D028001A1EDF /* Auth */,
			);
			path = "User Story";
			sourceTree = "<group>";
		};
		B253DB222210C4AD001A1EDF /* Model */ = {
			isa = PBXGroup;
			children = (
				B253DB422211FB1D001A1EDF /* User.swift */,
			);
			path = Model;
			sourceTree = "<group>";
		};
		B253DB232210C4B8001A1EDF /* Service */ = {
			isa = PBXGroup;
			children = (
				B253DB472212AE9D001A1EDF /* AuthService.swift */,
			);
			path = Service;
			sourceTree = "<group>";
		};
		B253DB242210C540001A1EDF /* Common */ = {
			isa = PBXGroup;
			children = (
				B253DB44221204AE001A1EDF /* Client */,
			);
			path = Common;
			sourceTree = "<group>";
		};
		B253DB252210D028001A1EDF /* Auth */ = {
			isa = PBXGroup;
			children = (
				B253DB4A2212F774001A1EDF /* Validator */,
				B253DB3F22116605001A1EDF /* ViewController */,
			);
			path = Auth;
			sourceTree = "<group>";
		};
		B253DB3E2210E0DD001A1EDF /* Fonts */ = {
			isa = PBXGroup;
			children = (
				B253DB2C2210E0CD001A1EDF /* SourceSansPro-Black.ttf */,
				B253DB312210E0CD001A1EDF /* SourceSansPro-BlackItalic.ttf */,
				B253DB272210E0CC001A1EDF /* SourceSansPro-Bold.ttf */,
				B253DB2D2210E0CD001A1EDF /* SourceSansPro-BoldItalic.ttf */,
				B253DB2A2210E0CC001A1EDF /* SourceSansPro-ExtraLight.ttf */,
				B253DB2B2210E0CD001A1EDF /* SourceSansPro-ExtraLightItalic.ttf */,
				B253DB292210E0CC001A1EDF /* SourceSansPro-Italic.ttf */,
				B253DB262210E0CC001A1EDF /* SourceSansPro-Light.ttf */,
				B253DB2F2210E0CD001A1EDF /* SourceSansPro-LightItalic.ttf */,
				B253DB2E2210E0CD001A1EDF /* SourceSansPro-Regular.ttf */,
				B253DB282210E0CC001A1EDF /* SourceSansPro-SemiBold.ttf */,
				B253DB302210E0CD001A1EDF /* SourceSansPro-SemiBoldItalic.ttf */,
			);
			path = Fonts;
			sourceTree = "<group>";
		};
		B253DB3F22116605001A1EDF /* ViewController */ = {
			isa = PBXGroup;
			children = (
				B253DB4022116674001A1EDF /* AuthViewController.swift */,
				B2296FCB2214AB00003F9228 /* AuthViewController.xib */,
			);
			path = ViewController;
			sourceTree = "<group>";
		};
		B253DB44221204AE001A1EDF /* Client */ = {
			isa = PBXGroup;
			children = (
				B253DB45221204E2001A1EDF /* Client.swift */,
			);
			path = Client;
			sourceTree = "<group>";
		};
		B253DB4A2212F774001A1EDF /* Validator */ = {
			isa = PBXGroup;
			children = (
				B253DB4B2212F788001A1EDF /* Validator.swift */,
			);
			path = Validator;
			sourceTree = "<group>";
		};
/* End PBXGroup section */

/* Begin PBXNativeTarget section */
		B2296FBB2213647E003F9228 /* WatcherTests */ = {
			isa = PBXNativeTarget;
			buildConfigurationList = B2296FC52213647E003F9228 /* Build configuration list for PBXNativeTarget "WatcherTests" */;
			buildPhases = (
				B2296FB82213647E003F9228 /* Sources */,
				B2296FB92213647E003F9228 /* Frameworks */,
				B2296FBA2213647E003F9228 /* Resources */,
			);
			buildRules = (
			);
			dependencies = (
				B2296FC22213647E003F9228 /* PBXTargetDependency */,
			);
			name = WatcherTests;
			productName = WatcherTests;
			productReference = B2296FBC2213647E003F9228 /* WatcherTests.xctest */;
			productType = "com.apple.product-type.bundle.unit-test";
		};
		B253DAFE22109C56001A1EDF /* Watcher */ = {
			isa = PBXNativeTarget;
			buildConfigurationList = B253DB1122109C57001A1EDF /* Build configuration list for PBXNativeTarget "Watcher" */;
			buildPhases = (
				2372296FB74D071F96C41CF5 /* [CP] Check Pods Manifest.lock */,
				B253DAFB22109C56001A1EDF /* Sources */,
				B253DAFC22109C56001A1EDF /* Frameworks */,
				B253DAFD22109C56001A1EDF /* Resources */,
				B253DB1A2210A7BC001A1EDF /* SwiftLint Run Script */,
				339DF6864104FBF3EE378E64 /* [CP] Embed Pods Frameworks */,
			);
			buildRules = (
			);
			dependencies = (
			);
			name = Watcher;
			productName = Watcher;
			productReference = B253DAFF22109C56001A1EDF /* Watcher.app */;
			productType = "com.apple.product-type.application";
		};
/* End PBXNativeTarget section */

/* Begin PBXProject section */
		B253DAF722109C56001A1EDF /* Project object */ = {
			isa = PBXProject;
			attributes = {
				LastSwiftUpdateCheck = 1010;
				LastUpgradeCheck = 1010;
				ORGANIZATIONNAME = "Маргарита";
				TargetAttributes = {
					B2296FBB2213647E003F9228 = {
						CreatedOnToolsVersion = 10.1;
						LastSwiftMigration = 1010;
						TestTargetID = B253DAFE22109C56001A1EDF;
					};
					B253DAFE22109C56001A1EDF = {
						CreatedOnToolsVersion = 10.1;
					};
				};
			};
			buildConfigurationList = B253DAFA22109C56001A1EDF /* Build configuration list for PBXProject "Watcher" */;
			compatibilityVersion = "Xcode 9.3";
			developmentRegion = en;
			hasScannedForEncodings = 0;
			knownRegions = (
				en,
				Base,
			);
			mainGroup = B253DAF622109C56001A1EDF;
			productRefGroup = B253DB0022109C56001A1EDF /* Products */;
			projectDirPath = "";
			projectRoot = "";
			targets = (
				B253DAFE22109C56001A1EDF /* Watcher */,
				B2296FBB2213647E003F9228 /* WatcherTests */,
			);
		};
/* End PBXProject section */

/* Begin PBXResourcesBuildPhase section */
		B2296FBA2213647E003F9228 /* Resources */ = {
			isa = PBXResourcesBuildPhase;
			buildActionMask = 2147483647;
			files = (
			);
			runOnlyForDeploymentPostprocessing = 0;
		};
		B253DAFD22109C56001A1EDF /* Resources */ = {
			isa = PBXResourcesBuildPhase;
			buildActionMask = 2147483647;
			files = (
				B253DB3D2210E0CD001A1EDF /* SourceSansPro-BlackItalic.ttf in Resources */,
				B253DB3C2210E0CD001A1EDF /* SourceSansPro-SemiBoldItalic.ttf in Resources */,
				B253DB0D22109C57001A1EDF /* LaunchScreen.storyboard in Resources */,
				B253DB382210E0CD001A1EDF /* SourceSansPro-Black.ttf in Resources */,
				B253DB322210E0CD001A1EDF /* SourceSansPro-Light.ttf in Resources */,
				B253DB342210E0CD001A1EDF /* SourceSansPro-SemiBold.ttf in Resources */,
				B253DB3A2210E0CD001A1EDF /* SourceSansPro-Regular.ttf in Resources */,
				B253DB352210E0CD001A1EDF /* SourceSansPro-Italic.ttf in Resources */,
				B2296FCC2214AB00003F9228 /* AuthViewController.xib in Resources */,
				B253DB0A22109C57001A1EDF /* Assets.xcassets in Resources */,
				B253DB392210E0CD001A1EDF /* SourceSansPro-BoldItalic.ttf in Resources */,
				B253DB3B2210E0CD001A1EDF /* SourceSansPro-LightItalic.ttf in Resources */,
				B253DB372210E0CD001A1EDF /* SourceSansPro-ExtraLightItalic.ttf in Resources */,
				B253DB362210E0CD001A1EDF /* SourceSansPro-ExtraLight.ttf in Resources */,
				B253DB332210E0CD001A1EDF /* SourceSansPro-Bold.ttf in Resources */,
			);
			runOnlyForDeploymentPostprocessing = 0;
		};
/* End PBXResourcesBuildPhase section */

/* Begin PBXShellScriptBuildPhase section */
		2372296FB74D071F96C41CF5 /* [CP] Check Pods Manifest.lock */ = {
			isa = PBXShellScriptBuildPhase;
			buildActionMask = 2147483647;
			files = (
			);
			inputFileListPaths = (
			);
			inputPaths = (
				"${PODS_PODFILE_DIR_PATH}/Podfile.lock",
				"${PODS_ROOT}/Manifest.lock",
			);
			name = "[CP] Check Pods Manifest.lock";
			outputFileListPaths = (
			);
			outputPaths = (
				"$(DERIVED_FILE_DIR)/Pods-Watcher-checkManifestLockResult.txt",
			);
			runOnlyForDeploymentPostprocessing = 0;
			shellPath = /bin/sh;
			shellScript = "diff \"${PODS_PODFILE_DIR_PATH}/Podfile.lock\" \"${PODS_ROOT}/Manifest.lock\" > /dev/null\nif [ $? != 0 ] ; then\n    # print error to STDERR\n    echo \"error: The sandbox is not in sync with the Podfile.lock. Run 'pod install' or update your CocoaPods installation.\" >&2\n    exit 1\nfi\n# This output is used by Xcode 'outputs' to avoid re-running this script phase.\necho \"SUCCESS\" > \"${SCRIPT_OUTPUT_FILE_0}\"\n";
			showEnvVarsInLog = 0;
		};
		339DF6864104FBF3EE378E64 /* [CP] Embed Pods Frameworks */ = {
			isa = PBXShellScriptBuildPhase;
			buildActionMask = 2147483647;
			files = (
			);
			inputFileListPaths = (
			);
			inputPaths = (
				"${PODS_ROOT}/Target Support Files/Pods-Watcher/Pods-Watcher-frameworks.sh",
				"${BUILT_PRODUCTS_DIR}/Alamofire/Alamofire.framework",
			);
			name = "[CP] Embed Pods Frameworks";
			outputFileListPaths = (
			);
			outputPaths = (
				"${TARGET_BUILD_DIR}/${FRAMEWORKS_FOLDER_PATH}/Alamofire.framework",
			);
			runOnlyForDeploymentPostprocessing = 0;
			shellPath = /bin/sh;
			shellScript = "\"${PODS_ROOT}/Target Support Files/Pods-Watcher/Pods-Watcher-frameworks.sh\"\n";
			showEnvVarsInLog = 0;
		};
		B253DB1A2210A7BC001A1EDF /* SwiftLint Run Script */ = {
			isa = PBXShellScriptBuildPhase;
			buildActionMask = 2147483647;
			files = (
			);
			inputFileListPaths = (
			);
			inputPaths = (
			);
			name = "SwiftLint Run Script";
			outputFileListPaths = (
			);
			outputPaths = (
			);
			runOnlyForDeploymentPostprocessing = 0;
			shellPath = /bin/sh;
			shellScript = "# Type a script or drag a script file from your workspace to insert its path.\n\"${PODS_ROOT}/SwiftLint/swiftlint\"\n";
		};
/* End PBXShellScriptBuildPhase section */

/* Begin PBXSourcesBuildPhase section */
		B2296FB82213647E003F9228 /* Sources */ = {
			isa = PBXSourcesBuildPhase;
			buildActionMask = 2147483647;
			files = (
				B2296FC922136636003F9228 /* ValidatorTests.swift in Sources */,
			);
			runOnlyForDeploymentPostprocessing = 0;
		};
		B253DAFB22109C56001A1EDF /* Sources */ = {
			isa = PBXSourcesBuildPhase;
			buildActionMask = 2147483647;
			files = (
				B253DB432211FB1E001A1EDF /* User.swift in Sources */,
				B253DB4122116674001A1EDF /* AuthViewController.swift in Sources */,
				B253DB482212AE9D001A1EDF /* AuthService.swift in Sources */,
				B253DB4C2212F789001A1EDF /* Validator.swift in Sources */,
				B253DB46221204E2001A1EDF /* Client.swift in Sources */,
				B253DB0322109C56001A1EDF /* AppDelegate.swift in Sources */,
			);
			runOnlyForDeploymentPostprocessing = 0;
		};
/* End PBXSourcesBuildPhase section */

/* Begin PBXTargetDependency section */
		B2296FC22213647E003F9228 /* PBXTargetDependency */ = {
			isa = PBXTargetDependency;
			target = B253DAFE22109C56001A1EDF /* Watcher */;
			targetProxy = B2296FC12213647E003F9228 /* PBXContainerItemProxy */;
		};
/* End PBXTargetDependency section */

/* Begin PBXVariantGroup section */
		B253DB0B22109C57001A1EDF /* LaunchScreen.storyboard */ = {
			isa = PBXVariantGroup;
			children = (
				B253DB0C22109C57001A1EDF /* Base */,
			);
			name = LaunchScreen.storyboard;
			sourceTree = "<group>";
		};
/* End PBXVariantGroup section */

/* Begin XCBuildConfiguration section */
		B2296FC32213647E003F9228 /* Debug */ = {
			isa = XCBuildConfiguration;
			buildSettings = {
				BUNDLE_LOADER = "$(TEST_HOST)";
				CLANG_ENABLE_MODULES = YES;
				CODE_SIGN_STYLE = Automatic;
				DEVELOPMENT_TEAM = R2M678956L;
				INFOPLIST_FILE = WatcherTests/Info.plist;
				LD_RUNPATH_SEARCH_PATHS = (
					"$(inherited)",
					"@executable_path/Frameworks",
					"@loader_path/Frameworks",
				);
				PRODUCT_BUNDLE_IDENTIFIER = margot.WatcherTests;
				PRODUCT_NAME = "$(TARGET_NAME)";
				SWIFT_OPTIMIZATION_LEVEL = "-Onone";
				SWIFT_VERSION = 4.2;
				TARGETED_DEVICE_FAMILY = "1,2";
				TEST_HOST = "$(BUILT_PRODUCTS_DIR)/Watcher.app/Watcher";
			};
			name = Debug;
		};
		B2296FC42213647E003F9228 /* Release */ = {
			isa = XCBuildConfiguration;
			buildSettings = {
				BUNDLE_LOADER = "$(TEST_HOST)";
				CLANG_ENABLE_MODULES = YES;
				CODE_SIGN_STYLE = Automatic;
				DEVELOPMENT_TEAM = R2M678956L;
				INFOPLIST_FILE = WatcherTests/Info.plist;
				LD_RUNPATH_SEARCH_PATHS = (
					"$(inherited)",
					"@executable_path/Frameworks",
					"@loader_path/Frameworks",
				);
				PRODUCT_BUNDLE_IDENTIFIER = margot.WatcherTests;
				PRODUCT_NAME = "$(TARGET_NAME)";
				SWIFT_VERSION = 4.2;
				TARGETED_DEVICE_FAMILY = "1,2";
				TEST_HOST = "$(BUILT_PRODUCTS_DIR)/Watcher.app/Watcher";
			};
			name = Release;
		};
		B253DB0F22109C57001A1EDF /* Debug */ = {
			isa = XCBuildConfiguration;
			buildSettings = {
				ALWAYS_SEARCH_USER_PATHS = NO;
				CLANG_ANALYZER_NONNULL = YES;
				CLANG_ANALYZER_NUMBER_OBJECT_CONVERSION = YES_AGGRESSIVE;
				CLANG_CXX_LANGUAGE_STANDARD = "gnu++14";
				CLANG_CXX_LIBRARY = "libc++";
				CLANG_ENABLE_MODULES = YES;
				CLANG_ENABLE_OBJC_ARC = YES;
				CLANG_ENABLE_OBJC_WEAK = YES;
				CLANG_WARN_BLOCK_CAPTURE_AUTORELEASING = YES;
				CLANG_WARN_BOOL_CONVERSION = YES;
				CLANG_WARN_COMMA = YES;
				CLANG_WARN_CONSTANT_CONVERSION = YES;
				CLANG_WARN_DEPRECATED_OBJC_IMPLEMENTATIONS = YES;
				CLANG_WARN_DIRECT_OBJC_ISA_USAGE = YES_ERROR;
				CLANG_WARN_DOCUMENTATION_COMMENTS = YES;
				CLANG_WARN_EMPTY_BODY = YES;
				CLANG_WARN_ENUM_CONVERSION = YES;
				CLANG_WARN_INFINITE_RECURSION = YES;
				CLANG_WARN_INT_CONVERSION = YES;
				CLANG_WARN_NON_LITERAL_NULL_CONVERSION = YES;
				CLANG_WARN_OBJC_IMPLICIT_RETAIN_SELF = YES;
				CLANG_WARN_OBJC_LITERAL_CONVERSION = YES;
				CLANG_WARN_OBJC_ROOT_CLASS = YES_ERROR;
				CLANG_WARN_RANGE_LOOP_ANALYSIS = YES;
				CLANG_WARN_STRICT_PROTOTYPES = YES;
				CLANG_WARN_SUSPICIOUS_MOVE = YES;
				CLANG_WARN_UNGUARDED_AVAILABILITY = YES_AGGRESSIVE;
				CLANG_WARN_UNREACHABLE_CODE = YES;
				CLANG_WARN__DUPLICATE_METHOD_MATCH = YES;
				CODE_SIGN_IDENTITY = "iPhone Developer";
				COPY_PHASE_STRIP = NO;
				DEBUG_INFORMATION_FORMAT = dwarf;
				ENABLE_STRICT_OBJC_MSGSEND = YES;
				ENABLE_TESTABILITY = YES;
				GCC_C_LANGUAGE_STANDARD = gnu11;
				GCC_DYNAMIC_NO_PIC = NO;
				GCC_NO_COMMON_BLOCKS = YES;
				GCC_OPTIMIZATION_LEVEL = 0;
				GCC_PREPROCESSOR_DEFINITIONS = (
					"DEBUG=1",
					"$(inherited)",
				);
				GCC_WARN_64_TO_32_BIT_CONVERSION = YES;
				GCC_WARN_ABOUT_RETURN_TYPE = YES_ERROR;
				GCC_WARN_UNDECLARED_SELECTOR = YES;
				GCC_WARN_UNINITIALIZED_AUTOS = YES_AGGRESSIVE;
				GCC_WARN_UNUSED_FUNCTION = YES;
				GCC_WARN_UNUSED_VARIABLE = YES;
				IPHONEOS_DEPLOYMENT_TARGET = 12.1;
				MTL_ENABLE_DEBUG_INFO = INCLUDE_SOURCE;
				MTL_FAST_MATH = YES;
				ONLY_ACTIVE_ARCH = YES;
				SDKROOT = iphoneos;
				SWIFT_ACTIVE_COMPILATION_CONDITIONS = DEBUG;
				SWIFT_OPTIMIZATION_LEVEL = "-Onone";
			};
			name = Debug;
		};
		B253DB1022109C57001A1EDF /* Release */ = {
			isa = XCBuildConfiguration;
			buildSettings = {
				ALWAYS_SEARCH_USER_PATHS = NO;
				CLANG_ANALYZER_NONNULL = YES;
				CLANG_ANALYZER_NUMBER_OBJECT_CONVERSION = YES_AGGRESSIVE;
				CLANG_CXX_LANGUAGE_STANDARD = "gnu++14";
				CLANG_CXX_LIBRARY = "libc++";
				CLANG_ENABLE_MODULES = YES;
				CLANG_ENABLE_OBJC_ARC = YES;
				CLANG_ENABLE_OBJC_WEAK = YES;
				CLANG_WARN_BLOCK_CAPTURE_AUTORELEASING = YES;
				CLANG_WARN_BOOL_CONVERSION = YES;
				CLANG_WARN_COMMA = YES;
				CLANG_WARN_CONSTANT_CONVERSION = YES;
				CLANG_WARN_DEPRECATED_OBJC_IMPLEMENTATIONS = YES;
				CLANG_WARN_DIRECT_OBJC_ISA_USAGE = YES_ERROR;
				CLANG_WARN_DOCUMENTATION_COMMENTS = YES;
				CLANG_WARN_EMPTY_BODY = YES;
				CLANG_WARN_ENUM_CONVERSION = YES;
				CLANG_WARN_INFINITE_RECURSION = YES;
				CLANG_WARN_INT_CONVERSION = YES;
				CLANG_WARN_NON_LITERAL_NULL_CONVERSION = YES;
				CLANG_WARN_OBJC_IMPLICIT_RETAIN_SELF = YES;
				CLANG_WARN_OBJC_LITERAL_CONVERSION = YES;
				CLANG_WARN_OBJC_ROOT_CLASS = YES_ERROR;
				CLANG_WARN_RANGE_LOOP_ANALYSIS = YES;
				CLANG_WARN_STRICT_PROTOTYPES = YES;
				CLANG_WARN_SUSPICIOUS_MOVE = YES;
				CLANG_WARN_UNGUARDED_AVAILABILITY = YES_AGGRESSIVE;
				CLANG_WARN_UNREACHABLE_CODE = YES;
				CLANG_WARN__DUPLICATE_METHOD_MATCH = YES;
				CODE_SIGN_IDENTITY = "iPhone Developer";
				COPY_PHASE_STRIP = NO;
				DEBUG_INFORMATION_FORMAT = "dwarf-with-dsym";
				ENABLE_NS_ASSERTIONS = NO;
				ENABLE_STRICT_OBJC_MSGSEND = YES;
				GCC_C_LANGUAGE_STANDARD = gnu11;
				GCC_NO_COMMON_BLOCKS = YES;
				GCC_WARN_64_TO_32_BIT_CONVERSION = YES;
				GCC_WARN_ABOUT_RETURN_TYPE = YES_ERROR;
				GCC_WARN_UNDECLARED_SELECTOR = YES;
				GCC_WARN_UNINITIALIZED_AUTOS = YES_AGGRESSIVE;
				GCC_WARN_UNUSED_FUNCTION = YES;
				GCC_WARN_UNUSED_VARIABLE = YES;
				IPHONEOS_DEPLOYMENT_TARGET = 12.1;
				MTL_ENABLE_DEBUG_INFO = NO;
				MTL_FAST_MATH = YES;
				SDKROOT = iphoneos;
				SWIFT_COMPILATION_MODE = wholemodule;
				SWIFT_OPTIMIZATION_LEVEL = "-O";
				VALIDATE_PRODUCT = YES;
			};
			name = Release;
		};
		B253DB1222109C57001A1EDF /* Debug */ = {
			isa = XCBuildConfiguration;
			baseConfigurationReference = 6F72D893D19D2FFED0656759 /* Pods-Watcher.debug.xcconfig */;
			buildSettings = {
				ASSETCATALOG_COMPILER_APPICON_NAME = AppIcon;
				CODE_SIGN_STYLE = Automatic;
				DEVELOPMENT_TEAM = R2M678956L;
				INFOPLIST_FILE = "Watcher/Supporting Files/Info.plist";
				LD_RUNPATH_SEARCH_PATHS = (
					"$(inherited)",
					"@executable_path/Frameworks",
				);
				PRODUCT_BUNDLE_IDENTIFIER = margot.Watcher;
				PRODUCT_NAME = "$(TARGET_NAME)";
				SWIFT_VERSION = 4.2;
				TARGETED_DEVICE_FAMILY = 1;
			};
			name = Debug;
		};
		B253DB1322109C57001A1EDF /* Release */ = {
			isa = XCBuildConfiguration;
			baseConfigurationReference = 0962D2560557BB9F8192CA28 /* Pods-Watcher.release.xcconfig */;
			buildSettings = {
				ASSETCATALOG_COMPILER_APPICON_NAME = AppIcon;
				CODE_SIGN_STYLE = Automatic;
				DEVELOPMENT_TEAM = R2M678956L;
				INFOPLIST_FILE = "Watcher/Supporting Files/Info.plist";
				LD_RUNPATH_SEARCH_PATHS = (
					"$(inherited)",
					"@executable_path/Frameworks",
				);
				PRODUCT_BUNDLE_IDENTIFIER = margot.Watcher;
				PRODUCT_NAME = "$(TARGET_NAME)";
				SWIFT_VERSION = 4.2;
				TARGETED_DEVICE_FAMILY = 1;
			};
			name = Release;
		};
/* End XCBuildConfiguration section */

/* Begin XCConfigurationList section */
		B2296FC52213647E003F9228 /* Build configuration list for PBXNativeTarget "WatcherTests" */ = {
			isa = XCConfigurationList;
			buildConfigurations = (
				B2296FC32213647E003F9228 /* Debug */,
				B2296FC42213647E003F9228 /* Release */,
			);
			defaultConfigurationIsVisible = 0;
			defaultConfigurationName = Release;
		};
		B253DAFA22109C56001A1EDF /* Build configuration list for PBXProject "Watcher" */ = {
			isa = XCConfigurationList;
			buildConfigurations = (
				B253DB0F22109C57001A1EDF /* Debug */,
				B253DB1022109C57001A1EDF /* Release */,
			);
			defaultConfigurationIsVisible = 0;
			defaultConfigurationName = Release;
		};
		B253DB1122109C57001A1EDF /* Build configuration list for PBXNativeTarget "Watcher" */ = {
			isa = XCConfigurationList;
			buildConfigurations = (
				B253DB1222109C57001A1EDF /* Debug */,
				B253DB1322109C57001A1EDF /* Release */,
			);
			defaultConfigurationIsVisible = 0;
			defaultConfigurationName = Release;
		};
/* End XCConfigurationList section */
	};
	rootObject = B253DAF722109C56001A1EDF /* Project object */;
}
