// !$*UTF8*$!
{
	archiveVersion = 1;
	classes = {
	};
	objectVersion = 50;
	objects = {

/* Begin PBXBuildFile section */
		4109C7D33CE28F67F8B64FB2 /* Pods_Watcher.framework in Frameworks */ = {isa = PBXBuildFile; fileRef = CCA055E1F77FE6F65F4D6137 /* Pods_Watcher.framework */; };
		B253DB0322109C56001A1EDF /* AppDelegate.swift in Sources */ = {isa = PBXBuildFile; fileRef = B253DB0222109C56001A1EDF /* AppDelegate.swift */; };
		B253DB0522109C56001A1EDF /* ViewController.swift in Sources */ = {isa = PBXBuildFile; fileRef = B253DB0422109C56001A1EDF /* ViewController.swift */; };
		B253DB0822109C56001A1EDF /* Main.storyboard in Resources */ = {isa = PBXBuildFile; fileRef = B253DB0622109C56001A1EDF /* Main.storyboard */; };
		B253DB0A22109C57001A1EDF /* Assets.xcassets in Resources */ = {isa = PBXBuildFile; fileRef = B253DB0922109C57001A1EDF /* Assets.xcassets */; };
		B253DB0D22109C57001A1EDF /* LaunchScreen.storyboard in Resources */ = {isa = PBXBuildFile; fileRef = B253DB0B22109C57001A1EDF /* LaunchScreen.storyboard */; };
		B253DB152210A1EF001A1EDF /* Podfile in Resources */ = {isa = PBXBuildFile; fileRef = B253DB142210A1EF001A1EDF /* Podfile */; };
		B253DB172210A7A8001A1EDF /* installPods.command in Resources */ = {isa = PBXBuildFile; fileRef = B253DB162210A7A8001A1EDF /* installPods.command */; };
		B253DB192210A7B1001A1EDF /* .swiftlint.yml in Resources */ = {isa = PBXBuildFile; fileRef = B253DB182210A7B1001A1EDF /* .swiftlint.yml */; };
/* End PBXBuildFile section */

/* Begin PBXFileReference section */
		0962D2560557BB9F8192CA28 /* Pods-Watcher.release.xcconfig */ = {isa = PBXFileReference; includeInIndex = 1; lastKnownFileType = text.xcconfig; name = "Pods-Watcher.release.xcconfig"; path = "Target Support Files/Pods-Watcher/Pods-Watcher.release.xcconfig"; sourceTree = "<group>"; };
		6F72D893D19D2FFED0656759 /* Pods-Watcher.debug.xcconfig */ = {isa = PBXFileReference; includeInIndex = 1; lastKnownFileType = text.xcconfig; name = "Pods-Watcher.debug.xcconfig"; path = "Target Support Files/Pods-Watcher/Pods-Watcher.debug.xcconfig"; sourceTree = "<group>"; };
		B253DAFF22109C56001A1EDF /* Watcher.app */ = {isa = PBXFileReference; explicitFileType = wrapper.application; includeInIndex = 0; path = Watcher.app; sourceTree = BUILT_PRODUCTS_DIR; };
		B253DB0222109C56001A1EDF /* AppDelegate.swift */ = {isa = PBXFileReference; lastKnownFileType = sourcecode.swift; path = AppDelegate.swift; sourceTree = "<group>"; };
		B253DB0422109C56001A1EDF /* ViewController.swift */ = {isa = PBXFileReference; lastKnownFileType = sourcecode.swift; path = ViewController.swift; sourceTree = "<group>"; };
		B253DB0722109C56001A1EDF /* Base */ = {isa = PBXFileReference; lastKnownFileType = file.storyboard; name = Base; path = Base.lproj/Main.storyboard; sourceTree = "<group>"; };
		B253DB0922109C57001A1EDF /* Assets.xcassets */ = {isa = PBXFileReference; lastKnownFileType = folder.assetcatalog; path = Assets.xcassets; sourceTree = "<group>"; };
		B253DB0C22109C57001A1EDF /* Base */ = {isa = PBXFileReference; lastKnownFileType = file.storyboard; name = Base; path = Base.lproj/LaunchScreen.storyboard; sourceTree = "<group>"; };
		B253DB0E22109C57001A1EDF /* Info.plist */ = {isa = PBXFileReference; lastKnownFileType = text.plist.xml; path = Info.plist; sourceTree = "<group>"; };
		B253DB142210A1EF001A1EDF /* Podfile */ = {isa = PBXFileReference; lastKnownFileType = text; path = Podfile; sourceTree = "<group>"; };
		B253DB162210A7A8001A1EDF /* installPods.command */ = {isa = PBXFileReference; fileEncoding = 4; lastKnownFileType = text.script.sh; path = installPods.command; sourceTree = "<group>"; };
		B253DB182210A7B1001A1EDF /* .swiftlint.yml */ = {isa = PBXFileReference; fileEncoding = 4; lastKnownFileType = text; path = .swiftlint.yml; sourceTree = "<group>"; };
		CCA055E1F77FE6F65F4D6137 /* Pods_Watcher.framework */ = {isa = PBXFileReference; explicitFileType = wrapper.framework; includeInIndex = 0; path = Pods_Watcher.framework; sourceTree = BUILT_PRODUCTS_DIR; };
/* End PBXFileReference section */

/* Begin PBXFrameworksBuildPhase section */
		B253DAFC22109C56001A1EDF /* Frameworks */ = {
			isa = PBXFrameworksBuildPhase;
			buildActionMask = 2147483647;
			files = (
				4109C7D33CE28F67F8B64FB2 /* Pods_Watcher.framework in Frameworks */,
			);
			runOnlyForDeploymentPostprocessing = 0;
		};
/* End PBXFrameworksBuildPhase section */

/* Begin PBXGroup section */
		0E592841365DB9B5DA58B122 /* Frameworks */ = {
			isa = PBXGroup;
			children = (
				CCA055E1F77FE6F65F4D6137 /* Pods_Watcher.framework */,
			);
			name = Frameworks;
			sourceTree = "<group>";
		};
		6463BCC4C5D580FB2DC0F570 /* Pods */ = {
			isa = PBXGroup;
			children = (
				6F72D893D19D2FFED0656759 /* Pods-Watcher.debug.xcconfig */,
				0962D2560557BB9F8192CA28 /* Pods-Watcher.release.xcconfig */,
			);
			name = Pods;
			path = Pods;
			sourceTree = "<group>";
		};
		B253DAF622109C56001A1EDF = {
			isa = PBXGroup;
			children = (
				B253DB142210A1EF001A1EDF /* Podfile */,
				B253DB162210A7A8001A1EDF /* installPods.command */,
				B253DB182210A7B1001A1EDF /* .swiftlint.yml */,
				B253DB0122109C56001A1EDF /* Watcher */,
				B253DB0022109C56001A1EDF /* Products */,
				6463BCC4C5D580FB2DC0F570 /* Pods */,
				0E592841365DB9B5DA58B122 /* Frameworks */,
			);
			sourceTree = "<group>";
		};
		B253DB0022109C56001A1EDF /* Products */ = {
			isa = PBXGroup;
			children = (
				B253DAFF22109C56001A1EDF /* Watcher.app */,
			);
			name = Products;
			sourceTree = "<group>";
		};
		B253DB0122109C56001A1EDF /* Watcher */ = {
			isa = PBXGroup;
			children = (
				B253DB0222109C56001A1EDF /* AppDelegate.swift */,
				B253DB0422109C56001A1EDF /* ViewController.swift */,
				B253DB0622109C56001A1EDF /* Main.storyboard */,
				B253DB0922109C57001A1EDF /* Assets.xcassets */,
				B253DB0B22109C57001A1EDF /* LaunchScreen.storyboard */,
				B253DB0E22109C57001A1EDF /* Info.plist */,
			);
			path = Watcher;
			sourceTree = "<group>";
		};
/* End PBXGroup section */

/* Begin PBXNativeTarget section */
		B253DAFE22109C56001A1EDF /* Watcher */ = {
			isa = PBXNativeTarget;
			buildConfigurationList = B253DB1122109C57001A1EDF /* Build configuration list for PBXNativeTarget "Watcher" */;
			buildPhases = (
				2372296FB74D071F96C41CF5 /* [CP] Check Pods Manifest.lock */,
				B253DAFB22109C56001A1EDF /* Sources */,
				B253DAFC22109C56001A1EDF /* Frameworks */,
				B253DAFD22109C56001A1EDF /* Resources */,
				B253DB1A2210A7BC001A1EDF /* ShellScript */,
				339DF6864104FBF3EE378E64 /* [CP] Embed Pods Frameworks */,
			);
			buildRules = (
			);
			dependencies = (
			);
			name = Watcher;
			productName = Watcher;
			productReference = B253DAFF22109C56001A1EDF /* Watcher.app */;
			productType = "com.apple.product-type.application";
		};
/* End PBXNativeTarget section */

/* Begin PBXProject section */
		B253DAF722109C56001A1EDF /* Project object */ = {
			isa = PBXProject;
			attributes = {
				LastSwiftUpdateCheck = 1010;
				LastUpgradeCheck = 1010;
				ORGANIZATIONNAME = "Маргарита";
				TargetAttributes = {
					B253DAFE22109C56001A1EDF = {
						CreatedOnToolsVersion = 10.1;
					};
				};
			};
			buildConfigurationList = B253DAFA22109C56001A1EDF /* Build configuration list for PBXProject "Watcher" */;
			compatibilityVersion = "Xcode 9.3";
			developmentRegion = en;
			hasScannedForEncodings = 0;
			knownRegions = (
				en,
				Base,
			);
			mainGroup = B253DAF622109C56001A1EDF;
			productRefGroup = B253DB0022109C56001A1EDF /* Products */;
			projectDirPath = "";
			projectRoot = "";
			targets = (
				B253DAFE22109C56001A1EDF /* Watcher */,
			);
		};
/* End PBXProject section */

/* Begin PBXResourcesBuildPhase section */
		B253DAFD22109C56001A1EDF /* Resources */ = {
			isa = PBXResourcesBuildPhase;
			buildActionMask = 2147483647;
			files = (
				B253DB192210A7B1001A1EDF /* .swiftlint.yml in Resources */,
				B253DB0D22109C57001A1EDF /* LaunchScreen.storyboard in Resources */,
				B253DB0A22109C57001A1EDF /* Assets.xcassets in Resources */,
				B253DB152210A1EF001A1EDF /* Podfile in Resources */,
				B253DB0822109C56001A1EDF /* Main.storyboard in Resources */,
				B253DB172210A7A8001A1EDF /* installPods.command in Resources */,
			);
			runOnlyForDeploymentPostprocessing = 0;
		};
/* End PBXResourcesBuildPhase section */

/* Begin PBXShellScriptBuildPhase section */
		2372296FB74D071F96C41CF5 /* [CP] Check Pods Manifest.lock */ = {
			isa = PBXShellScriptBuildPhase;
			buildActionMask = 2147483647;
			files = (
			);
			inputFileListPaths = (
			);
			inputPaths = (
				"${PODS_PODFILE_DIR_PATH}/Podfile.lock",
				"${PODS_ROOT}/Manifest.lock",
			);
			name = "[CP] Check Pods Manifest.lock";
			outputFileListPaths = (
			);
			outputPaths = (
				"$(DERIVED_FILE_DIR)/Pods-Watcher-checkManifestLockResult.txt",
			);
			runOnlyForDeploymentPostprocessing = 0;
			shellPath = /bin/sh;
			shellScript = "diff \"${PODS_PODFILE_DIR_PATH}/Podfile.lock\" \"${PODS_ROOT}/Manifest.lock\" > /dev/null\nif [ $? != 0 ] ; then\n    # print error to STDERR\n    echo \"error: The sandbox is not in sync with the Podfile.lock. Run 'pod install' or update your CocoaPods installation.\" >&2\n    exit 1\nfi\n# This output is used by Xcode 'outputs' to avoid re-running this script phase.\necho \"SUCCESS\" > \"${SCRIPT_OUTPUT_FILE_0}\"\n";
			showEnvVarsInLog = 0;
		};
		339DF6864104FBF3EE378E64 /* [CP] Embed Pods Frameworks */ = {
			isa = PBXShellScriptBuildPhase;
			buildActionMask = 2147483647;
			files = (
			);
			inputFileListPaths = (
			);
			inputPaths = (
				"${PODS_ROOT}/Target Support Files/Pods-Watcher/Pods-Watcher-frameworks.sh",
				"${BUILT_PRODUCTS_DIR}/Alamofire/Alamofire.framework",
			);
			name = "[CP] Embed Pods Frameworks";
			outputFileListPaths = (
			);
			outputPaths = (
				"${TARGET_BUILD_DIR}/${FRAMEWORKS_FOLDER_PATH}/Alamofire.framework",
			);
			runOnlyForDeploymentPostprocessing = 0;
			shellPath = /bin/sh;
			shellScript = "\"${PODS_ROOT}/Target Support Files/Pods-Watcher/Pods-Watcher-frameworks.sh\"\n";
			showEnvVarsInLog = 0;
		};
		B253DB1A2210A7BC001A1EDF /* ShellScript */ = {
			isa = PBXShellScriptBuildPhase;
			buildActionMask = 2147483647;
			files = (
			);
			inputFileListPaths = (
			);
			inputPaths = (
			);
			outputFileListPaths = (
			);
			outputPaths = (
			);
			runOnlyForDeploymentPostprocessing = 0;
			shellPath = /bin/sh;
			shellScript = "# Type a script or drag a script file from your workspace to insert its path.\n\"${PODS_ROOT}/SwiftLint/swiftlint\"\n";
		};
/* End PBXShellScriptBuildPhase section */

/* Begin PBXSourcesBuildPhase section */
		B253DAFB22109C56001A1EDF /* Sources */ = {
			isa = PBXSourcesBuildPhase;
			buildActionMask = 2147483647;
			files = (
				B253DB0522109C56001A1EDF /* ViewController.swift in Sources */,
				B253DB0322109C56001A1EDF /* AppDelegate.swift in Sources */,
			);
			runOnlyForDeploymentPostprocessing = 0;
		};
/* End PBXSourcesBuildPhase section */

/* Begin PBXVariantGroup section */
		B253DB0622109C56001A1EDF /* Main.storyboard */ = {
			isa = PBXVariantGroup;
			children = (
				B253DB0722109C56001A1EDF /* Base */,
			);
			name = Main.storyboard;
			sourceTree = "<group>";
		};
		B253DB0B22109C57001A1EDF /* LaunchScreen.storyboard */ = {
			isa = PBXVariantGroup;
			children = (
				B253DB0C22109C57001A1EDF /* Base */,
			);
			name = LaunchScreen.storyboard;
			sourceTree = "<group>";
		};
/* End PBXVariantGroup section */

/* Begin XCBuildConfiguration section */
		B253DB0F22109C57001A1EDF /* Debug */ = {
			isa = XCBuildConfiguration;
			buildSettings = {
				ALWAYS_SEARCH_USER_PATHS = NO;
				CLANG_ANALYZER_NONNULL = YES;
				CLANG_ANALYZER_NUMBER_OBJECT_CONVERSION = YES_AGGRESSIVE;
				CLANG_CXX_LANGUAGE_STANDARD = "gnu++14";
				CLANG_CXX_LIBRARY = "libc++";
				CLANG_ENABLE_MODULES = YES;
				CLANG_ENABLE_OBJC_ARC = YES;
				CLANG_ENABLE_OBJC_WEAK = YES;
				CLANG_WARN_BLOCK_CAPTURE_AUTORELEASING = YES;
				CLANG_WARN_BOOL_CONVERSION = YES;
				CLANG_WARN_COMMA = YES;
				CLANG_WARN_CONSTANT_CONVERSION = YES;
				CLANG_WARN_DEPRECATED_OBJC_IMPLEMENTATIONS = YES;
				CLANG_WARN_DIRECT_OBJC_ISA_USAGE = YES_ERROR;
				CLANG_WARN_DOCUMENTATION_COMMENTS = YES;
				CLANG_WARN_EMPTY_BODY = YES;
				CLANG_WARN_ENUM_CONVERSION = YES;
				CLANG_WARN_INFINITE_RECURSION = YES;
				CLANG_WARN_INT_CONVERSION = YES;
				CLANG_WARN_NON_LITERAL_NULL_CONVERSION = YES;
				CLANG_WARN_OBJC_IMPLICIT_RETAIN_SELF = YES;
				CLANG_WARN_OBJC_LITERAL_CONVERSION = YES;
				CLANG_WARN_OBJC_ROOT_CLASS = YES_ERROR;
				CLANG_WARN_RANGE_LOOP_ANALYSIS = YES;
				CLANG_WARN_STRICT_PROTOTYPES = YES;
				CLANG_WARN_SUSPICIOUS_MOVE = YES;
				CLANG_WARN_UNGUARDED_AVAILABILITY = YES_AGGRESSIVE;
				CLANG_WARN_UNREACHABLE_CODE = YES;
				CLANG_WARN__DUPLICATE_METHOD_MATCH = YES;
				CODE_SIGN_IDENTITY = "iPhone Developer";
				COPY_PHASE_STRIP = NO;
				DEBUG_INFORMATION_FORMAT = dwarf;
				ENABLE_STRICT_OBJC_MSGSEND = YES;
				ENABLE_TESTABILITY = YES;
				GCC_C_LANGUAGE_STANDARD = gnu11;
				GCC_DYNAMIC_NO_PIC = NO;
				GCC_NO_COMMON_BLOCKS = YES;
				GCC_OPTIMIZATION_LEVEL = 0;
				GCC_PREPROCESSOR_DEFINITIONS = (
					"DEBUG=1",
					"$(inherited)",
				);
				GCC_WARN_64_TO_32_BIT_CONVERSION = YES;
				GCC_WARN_ABOUT_RETURN_TYPE = YES_ERROR;
				GCC_WARN_UNDECLARED_SELECTOR = YES;
				GCC_WARN_UNINITIALIZED_AUTOS = YES_AGGRESSIVE;
				GCC_WARN_UNUSED_FUNCTION = YES;
				GCC_WARN_UNUSED_VARIABLE = YES;
				IPHONEOS_DEPLOYMENT_TARGET = 12.1;
				MTL_ENABLE_DEBUG_INFO = INCLUDE_SOURCE;
				MTL_FAST_MATH = YES;
				ONLY_ACTIVE_ARCH = YES;
				SDKROOT = iphoneos;
				SWIFT_ACTIVE_COMPILATION_CONDITIONS = DEBUG;
				SWIFT_OPTIMIZATION_LEVEL = "-Onone";
			};
			name = Debug;
		};
		B253DB1022109C57001A1EDF /* Release */ = {
			isa = XCBuildConfiguration;
			buildSettings = {
				ALWAYS_SEARCH_USER_PATHS = NO;
				CLANG_ANALYZER_NONNULL = YES;
				CLANG_ANALYZER_NUMBER_OBJECT_CONVERSION = YES_AGGRESSIVE;
				CLANG_CXX_LANGUAGE_STANDARD = "gnu++14";
				CLANG_CXX_LIBRARY = "libc++";
				CLANG_ENABLE_MODULES = YES;
				CLANG_ENABLE_OBJC_ARC = YES;
				CLANG_ENABLE_OBJC_WEAK = YES;
				CLANG_WARN_BLOCK_CAPTURE_AUTORELEASING = YES;
				CLANG_WARN_BOOL_CONVERSION = YES;
				CLANG_WARN_COMMA = YES;
				CLANG_WARN_CONSTANT_CONVERSION = YES;
				CLANG_WARN_DEPRECATED_OBJC_IMPLEMENTATIONS = YES;
				CLANG_WARN_DIRECT_OBJC_ISA_USAGE = YES_ERROR;
				CLANG_WARN_DOCUMENTATION_COMMENTS = YES;
				CLANG_WARN_EMPTY_BODY = YES;
				CLANG_WARN_ENUM_CONVERSION = YES;
				CLANG_WARN_INFINITE_RECURSION = YES;
				CLANG_WARN_INT_CONVERSION = YES;
				CLANG_WARN_NON_LITERAL_NULL_CONVERSION = YES;
				CLANG_WARN_OBJC_IMPLICIT_RETAIN_SELF = YES;
				CLANG_WARN_OBJC_LITERAL_CONVERSION = YES;
				CLANG_WARN_OBJC_ROOT_CLASS = YES_ERROR;
				CLANG_WARN_RANGE_LOOP_ANALYSIS = YES;
				CLANG_WARN_STRICT_PROTOTYPES = YES;
				CLANG_WARN_SUSPICIOUS_MOVE = YES;
				CLANG_WARN_UNGUARDED_AVAILABILITY = YES_AGGRESSIVE;
				CLANG_WARN_UNREACHABLE_CODE = YES;
				CLANG_WARN__DUPLICATE_METHOD_MATCH = YES;
				CODE_SIGN_IDENTITY = "iPhone Developer";
				COPY_PHASE_STRIP = NO;
				DEBUG_INFORMATION_FORMAT = "dwarf-with-dsym";
				ENABLE_NS_ASSERTIONS = NO;
				ENABLE_STRICT_OBJC_MSGSEND = YES;
				GCC_C_LANGUAGE_STANDARD = gnu11;
				GCC_NO_COMMON_BLOCKS = YES;
				GCC_WARN_64_TO_32_BIT_CONVERSION = YES;
				GCC_WARN_ABOUT_RETURN_TYPE = YES_ERROR;
				GCC_WARN_UNDECLARED_SELECTOR = YES;
				GCC_WARN_UNINITIALIZED_AUTOS = YES_AGGRESSIVE;
				GCC_WARN_UNUSED_FUNCTION = YES;
				GCC_WARN_UNUSED_VARIABLE = YES;
				IPHONEOS_DEPLOYMENT_TARGET = 12.1;
				MTL_ENABLE_DEBUG_INFO = NO;
				MTL_FAST_MATH = YES;
				SDKROOT = iphoneos;
				SWIFT_COMPILATION_MODE = wholemodule;
				SWIFT_OPTIMIZATION_LEVEL = "-O";
				VALIDATE_PRODUCT = YES;
			};
			name = Release;
		};
		B253DB1222109C57001A1EDF /* Debug */ = {
			isa = XCBuildConfiguration;
			baseConfigurationReference = 6F72D893D19D2FFED0656759 /* Pods-Watcher.debug.xcconfig */;
			buildSettings = {
				ASSETCATALOG_COMPILER_APPICON_NAME = AppIcon;
				CODE_SIGN_STYLE = Automatic;
				DEVELOPMENT_TEAM = R2M678956L;
				INFOPLIST_FILE = Watcher/Info.plist;
				LD_RUNPATH_SEARCH_PATHS = (
					"$(inherited)",
					"@executable_path/Frameworks",
				);
				PRODUCT_BUNDLE_IDENTIFIER = margot.Watcher;
				PRODUCT_NAME = "$(TARGET_NAME)";
				SWIFT_VERSION = 4.2;
				TARGETED_DEVICE_FAMILY = "1,2";
			};
			name = Debug;
		};
		B253DB1322109C57001A1EDF /* Release */ = {
			isa = XCBuildConfiguration;
			baseConfigurationReference = 0962D2560557BB9F8192CA28 /* Pods-Watcher.release.xcconfig */;
			buildSettings = {
				ASSETCATALOG_COMPILER_APPICON_NAME = AppIcon;
				CODE_SIGN_STYLE = Automatic;
				DEVELOPMENT_TEAM = R2M678956L;
				INFOPLIST_FILE = Watcher/Info.plist;
				LD_RUNPATH_SEARCH_PATHS = (
					"$(inherited)",
					"@executable_path/Frameworks",
				);
				PRODUCT_BUNDLE_IDENTIFIER = margot.Watcher;
				PRODUCT_NAME = "$(TARGET_NAME)";
				SWIFT_VERSION = 4.2;
				TARGETED_DEVICE_FAMILY = "1,2";
			};
			name = Release;
		};
/* End XCBuildConfiguration section */

/* Begin XCConfigurationList section */
		B253DAFA22109C56001A1EDF /* Build configuration list for PBXProject "Watcher" */ = {
			isa = XCConfigurationList;
			buildConfigurations = (
				B253DB0F22109C57001A1EDF /* Debug */,
				B253DB1022109C57001A1EDF /* Release */,
			);
			defaultConfigurationIsVisible = 0;
			defaultConfigurationName = Release;
		};
		B253DB1122109C57001A1EDF /* Build configuration list for PBXNativeTarget "Watcher" */ = {
			isa = XCConfigurationList;
			buildConfigurations = (
				B253DB1222109C57001A1EDF /* Debug */,
				B253DB1322109C57001A1EDF /* Release */,
			);
			defaultConfigurationIsVisible = 0;
			defaultConfigurationName = Release;
		};
/* End XCConfigurationList section */
	};
	rootObject = B253DAF722109C56001A1EDF /* Project object */;
}
