// !$*UTF8*$!
{
	archiveVersion = 1;
	classes = {
	};
	objectVersion = 50;
	objects = {

/* Begin PBXBuildFile section */
		B20A7CD4221A133600C28814 /* TimeLogService.swift in Sources */ = {isa = PBXBuildFile; fileRef = B20A7CD3221A133600C28814 /* TimeLogService.swift */; };
		B20C36832218CCC5007B5F6B /* TimeLogViewController.swift in Sources */ = {isa = PBXBuildFile; fileRef = B20C36812218CCC5007B5F6B /* TimeLogViewController.swift */; };
		B20C36842218CCC5007B5F6B /* TimeLogViewController.xib in Resources */ = {isa = PBXBuildFile; fileRef = B20C36822218CCC5007B5F6B /* TimeLogViewController.xib */; };
		B21FADD1224CE24A009067A5 /* Persistancy.framework in Frameworks */ = {isa = PBXBuildFile; fileRef = B21FADD0224CE24A009067A5 /* Persistancy.framework */; };
		B21FADD2224CE25C009067A5 /* Persistancy.framework in Embed Frameworks */ = {isa = PBXBuildFile; fileRef = B21FADD0224CE24A009067A5 /* Persistancy.framework */; settings = {ATTRIBUTES = (CodeSignOnCopy, RemoveHeadersOnCopy, ); }; };
		B2296FC922136636003F9228 /* ValidatorTests.swift in Sources */ = {isa = PBXBuildFile; fileRef = B2296FC822136636003F9228 /* ValidatorTests.swift */; };
		B2296FD62215532F003F9228 /* MainViewController.swift in Sources */ = {isa = PBXBuildFile; fileRef = B2296FD42215532F003F9228 /* MainViewController.swift */; };
		B23C122C221CBE2300D7D2BE /* Transport.framework in Frameworks */ = {isa = PBXBuildFile; fileRef = B20A7D26221C602D00C28814 /* Transport.framework */; };
		B23C122D221CBE2300D7D2BE /* Transport.framework in Embed Frameworks */ = {isa = PBXBuildFile; fileRef = B20A7D26221C602D00C28814 /* Transport.framework */; settings = {ATTRIBUTES = (CodeSignOnCopy, RemoveHeadersOnCopy, ); }; };
		B2423A96223CFD65008279FD /* CalendarService.swift in Sources */ = {isa = PBXBuildFile; fileRef = B2423A95223CFD65008279FD /* CalendarService.swift */; };
		B2423A98223EC89A008279FD /* MonthModel.swift in Sources */ = {isa = PBXBuildFile; fileRef = B2423A97223EC89A008279FD /* MonthModel.swift */; };
		B2423A9A223EC8C7008279FD /* CalendarDayModel.swift in Sources */ = {isa = PBXBuildFile; fileRef = B2423A99223EC8C7008279FD /* CalendarDayModel.swift */; };
		B253DB0322109C56001A1EDF /* AppDelegate.swift in Sources */ = {isa = PBXBuildFile; fileRef = B253DB0222109C56001A1EDF /* AppDelegate.swift */; };
		B253DB0A22109C57001A1EDF /* Assets.xcassets in Resources */ = {isa = PBXBuildFile; fileRef = B253DB0922109C57001A1EDF /* Assets.xcassets */; };
		B253DB0D22109C57001A1EDF /* LaunchScreen.storyboard in Resources */ = {isa = PBXBuildFile; fileRef = B253DB0B22109C57001A1EDF /* LaunchScreen.storyboard */; };
		B253DB322210E0CD001A1EDF /* SourceSansPro-Light.ttf in Resources */ = {isa = PBXBuildFile; fileRef = B253DB262210E0CC001A1EDF /* SourceSansPro-Light.ttf */; };
		B253DB332210E0CD001A1EDF /* SourceSansPro-Bold.ttf in Resources */ = {isa = PBXBuildFile; fileRef = B253DB272210E0CC001A1EDF /* SourceSansPro-Bold.ttf */; };
		B253DB342210E0CD001A1EDF /* SourceSansPro-SemiBold.ttf in Resources */ = {isa = PBXBuildFile; fileRef = B253DB282210E0CC001A1EDF /* SourceSansPro-SemiBold.ttf */; };
		B253DB352210E0CD001A1EDF /* SourceSansPro-Italic.ttf in Resources */ = {isa = PBXBuildFile; fileRef = B253DB292210E0CC001A1EDF /* SourceSansPro-Italic.ttf */; };
		B253DB362210E0CD001A1EDF /* SourceSansPro-ExtraLight.ttf in Resources */ = {isa = PBXBuildFile; fileRef = B253DB2A2210E0CC001A1EDF /* SourceSansPro-ExtraLight.ttf */; };
		B253DB372210E0CD001A1EDF /* SourceSansPro-ExtraLightItalic.ttf in Resources */ = {isa = PBXBuildFile; fileRef = B253DB2B2210E0CD001A1EDF /* SourceSansPro-ExtraLightItalic.ttf */; };
		B253DB382210E0CD001A1EDF /* SourceSansPro-Black.ttf in Resources */ = {isa = PBXBuildFile; fileRef = B253DB2C2210E0CD001A1EDF /* SourceSansPro-Black.ttf */; };
		B253DB392210E0CD001A1EDF /* SourceSansPro-BoldItalic.ttf in Resources */ = {isa = PBXBuildFile; fileRef = B253DB2D2210E0CD001A1EDF /* SourceSansPro-BoldItalic.ttf */; };
		B253DB3A2210E0CD001A1EDF /* SourceSansPro-Regular.ttf in Resources */ = {isa = PBXBuildFile; fileRef = B253DB2E2210E0CD001A1EDF /* SourceSansPro-Regular.ttf */; };
		B253DB3B2210E0CD001A1EDF /* SourceSansPro-LightItalic.ttf in Resources */ = {isa = PBXBuildFile; fileRef = B253DB2F2210E0CD001A1EDF /* SourceSansPro-LightItalic.ttf */; };
		B253DB3C2210E0CD001A1EDF /* SourceSansPro-SemiBoldItalic.ttf in Resources */ = {isa = PBXBuildFile; fileRef = B253DB302210E0CD001A1EDF /* SourceSansPro-SemiBoldItalic.ttf */; };
		B253DB3D2210E0CD001A1EDF /* SourceSansPro-BlackItalic.ttf in Resources */ = {isa = PBXBuildFile; fileRef = B253DB312210E0CD001A1EDF /* SourceSansPro-BlackItalic.ttf */; };
		B253DB4122116674001A1EDF /* AuthViewController.swift in Sources */ = {isa = PBXBuildFile; fileRef = B253DB4022116674001A1EDF /* AuthViewController.swift */; };
		B253DB482212AE9D001A1EDF /* AuthService.swift in Sources */ = {isa = PBXBuildFile; fileRef = B253DB472212AE9D001A1EDF /* AuthService.swift */; };
		B253DB4C2212F789001A1EDF /* Validator.swift in Sources */ = {isa = PBXBuildFile; fileRef = B253DB4B2212F788001A1EDF /* Validator.swift */; };
		B25AF472223BCA440007D454 /* CalendarDayViewModel.swift in Sources */ = {isa = PBXBuildFile; fileRef = B25AF471223BCA440007D454 /* CalendarDayViewModel.swift */; };
		B25AF479223BD37C0007D454 /* CalendarViewController.swift in Sources */ = {isa = PBXBuildFile; fileRef = B25AF477223BD37C0007D454 /* CalendarViewController.swift */; };
		B25AF47A223BD37C0007D454 /* CalendarViewController.xib in Resources */ = {isa = PBXBuildFile; fileRef = B25AF478223BD37C0007D454 /* CalendarViewController.xib */; };
		B25AF47D223BD38C0007D454 /* MonthToggleViewController.swift in Sources */ = {isa = PBXBuildFile; fileRef = B25AF47B223BD38C0007D454 /* MonthToggleViewController.swift */; };
		B25AF47E223BD38C0007D454 /* MonthToggleViewController.xib in Resources */ = {isa = PBXBuildFile; fileRef = B25AF47C223BD38C0007D454 /* MonthToggleViewController.xib */; };
		B25AF481223BD39D0007D454 /* MonthViewController.swift in Sources */ = {isa = PBXBuildFile; fileRef = B25AF47F223BD39D0007D454 /* MonthViewController.swift */; };
		B25AF482223BD39D0007D454 /* MonthViewController.xib in Resources */ = {isa = PBXBuildFile; fileRef = B25AF480223BD39D0007D454 /* MonthViewController.xib */; };
		B25AF485223C374A0007D454 /* WeekDayCalendarCollectionViewCell.swift in Sources */ = {isa = PBXBuildFile; fileRef = B25AF483223C374A0007D454 /* WeekDayCalendarCollectionViewCell.swift */; };
		B25AF486223C374A0007D454 /* WeekDayCalendarCollectionViewCell.xib in Resources */ = {isa = PBXBuildFile; fileRef = B25AF484223C374A0007D454 /* WeekDayCalendarCollectionViewCell.xib */; };
		B25F6156222E613A00FB6CCE /* LogDataSource.swift in Sources */ = {isa = PBXBuildFile; fileRef = B25F6155222E613A00FB6CCE /* LogDataSource.swift */; };
		B26396CB222F22750002ACC7 /* WeekStorage.swift in Sources */ = {isa = PBXBuildFile; fileRef = B26396CA222F22750002ACC7 /* WeekStorage.swift */; };
		B26396CD222F26C90002ACC7 /* MainMediatingController.swift in Sources */ = {isa = PBXBuildFile; fileRef = B26396CC222F26C90002ACC7 /* MainMediatingController.swift */; };
		B26396D0222F2A330002ACC7 /* RangeCalculator.swift in Sources */ = {isa = PBXBuildFile; fileRef = B26396CF222F2A330002ACC7 /* RangeCalculator.swift */; };
		B26396D42235A1920002ACC7 /* DynamicHeightViewController.swift in Sources */ = {isa = PBXBuildFile; fileRef = B26396D22235A1920002ACC7 /* DynamicHeightViewController.swift */; };
		B26396D52235A1920002ACC7 /* DynamicHeightViewController.xib in Resources */ = {isa = PBXBuildFile; fileRef = B26396D32235A1920002ACC7 /* DynamicHeightViewController.xib */; };
		B2639711223BC39A0002ACC7 /* CalendarCellCollectionViewCell.swift in Sources */ = {isa = PBXBuildFile; fileRef = B263970F223BC39A0002ACC7 /* CalendarCellCollectionViewCell.swift */; };
		B2639712223BC39A0002ACC7 /* CalendarCellCollectionViewCell.xib in Resources */ = {isa = PBXBuildFile; fileRef = B2639710223BC39A0002ACC7 /* CalendarCellCollectionViewCell.xib */; };
		B269488C223FCEFF000EA8AC /* SwipeInteractionController.swift in Sources */ = {isa = PBXBuildFile; fileRef = B269488B223FCEFF000EA8AC /* SwipeInteractionController.swift */; };
		B29D61FF222D02060079BD72 /* DayViewModel.swift in Sources */ = {isa = PBXBuildFile; fileRef = B29D61FE222D02060079BD72 /* DayViewModel.swift */; };
		B29D6201222D05290079BD72 /* LogViewModel.swift in Sources */ = {isa = PBXBuildFile; fileRef = B29D6200222D05290079BD72 /* LogViewModel.swift */; };
		B2D666B9222724AC0083FEC3 /* WeekModel.swift in Sources */ = {isa = PBXBuildFile; fileRef = B2D666B8222724AC0083FEC3 /* WeekModel.swift */; };
		B2D666BE22272A450083FEC3 /* TimeLogServiceMapper.swift in Sources */ = {isa = PBXBuildFile; fileRef = B2D666BD22272A450083FEC3 /* TimeLogServiceMapper.swift */; };
		B2D666C22227C3660083FEC3 /* DateFormatterManager.swift in Sources */ = {isa = PBXBuildFile; fileRef = B2D666C12227C3660083FEC3 /* DateFormatterManager.swift */; };
		B2D666CB2229BD5B0083FEC3 /* ViewController.swift in Sources */ = {isa = PBXBuildFile; fileRef = B2D666CA2229BD5B0083FEC3 /* ViewController.swift */; };
		B2D66709222BF8170083FEC3 /* WeekCollectionViewController.swift in Sources */ = {isa = PBXBuildFile; fileRef = B2D66707222BF8170083FEC3 /* WeekCollectionViewController.swift */; };
		B2D6670A222BF8170083FEC3 /* WeekCollectionViewController.xib in Resources */ = {isa = PBXBuildFile; fileRef = B2D66708222BF8170083FEC3 /* WeekCollectionViewController.xib */; };
		B2D6670E222BF96F0083FEC3 /* DayCollectionViewCell.swift in Sources */ = {isa = PBXBuildFile; fileRef = B2D6670C222BF96F0083FEC3 /* DayCollectionViewCell.swift */; };
		B2D6670F222BF96F0083FEC3 /* DayCollectionViewCell.xib in Resources */ = {isa = PBXBuildFile; fileRef = B2D6670D222BF96F0083FEC3 /* DayCollectionViewCell.xib */; };
		B2D66712222BFD940083FEC3 /* LogCollectionViewCell.swift in Sources */ = {isa = PBXBuildFile; fileRef = B2D66710222BFD940083FEC3 /* LogCollectionViewCell.swift */; };
		B2D66713222BFD940083FEC3 /* LogCollectionViewCell.xib in Resources */ = {isa = PBXBuildFile; fileRef = B2D66711222BFD940083FEC3 /* LogCollectionViewCell.xib */; };
		B2E8B74C22156AF3007FA08D /* ProjectsViewController.swift in Sources */ = {isa = PBXBuildFile; fileRef = B2E8B74A22156AF3007FA08D /* ProjectsViewController.swift */; };
		B2E8B755221595FA007FA08D /* ProjectService.swift in Sources */ = {isa = PBXBuildFile; fileRef = B2E8B754221595FA007FA08D /* ProjectService.swift */; };
		B2E8B75922160946007FA08D /* ProjectTableViewCell.swift in Sources */ = {isa = PBXBuildFile; fileRef = B2E8B75722160946007FA08D /* ProjectTableViewCell.swift */; };
		B2E8B75A22160946007FA08D /* ProjectTableViewCell.xib in Resources */ = {isa = PBXBuildFile; fileRef = B2E8B75822160946007FA08D /* ProjectTableViewCell.xib */; };
		B2EA1454222069C5000F5A5D /* PresentationConstants.swift in Sources */ = {isa = PBXBuildFile; fileRef = B2EA1453222069C5000F5A5D /* PresentationConstants.swift */; };
		B2EA145722267C07000F5A5D /* RangeViewController.swift in Sources */ = {isa = PBXBuildFile; fileRef = B2EA145522267C06000F5A5D /* RangeViewController.swift */; };
		B2EA145822267C07000F5A5D /* RangeViewController.xib in Resources */ = {isa = PBXBuildFile; fileRef = B2EA145622267C07000F5A5D /* RangeViewController.xib */; };
		B2EA14612226A74A000F5A5D /* RangeViewModel.swift in Sources */ = {isa = PBXBuildFile; fileRef = B2EA14602226A74A000F5A5D /* RangeViewModel.swift */; };
		B2EC2CBD221678760016E1A1 /* Localizable.strings in Resources */ = {isa = PBXBuildFile; fileRef = B2EC2CBF221678760016E1A1 /* Localizable.strings */; };
		B2EC2CC2221678950016E1A1 /* Localizable.strings in Resources */ = {isa = PBXBuildFile; fileRef = B2EC2CC4221678950016E1A1 /* Localizable.strings */; };
		B2EC2CCC22167E370016E1A1 /* ProjectsViewController.xib in Resources */ = {isa = PBXBuildFile; fileRef = B2EC2CCB22167E370016E1A1 /* ProjectsViewController.xib */; };
		B2EC2CD522167FA70016E1A1 /* AuthViewController.xib in Resources */ = {isa = PBXBuildFile; fileRef = B2EC2CD722167FA70016E1A1 /* AuthViewController.xib */; };
		B2EC2CDE221680240016E1A1 /* MainViewController.xib in Resources */ = {isa = PBXBuildFile; fileRef = B2EC2CE0221680240016E1A1 /* MainViewController.xib */; };
		B2EC2CEE221683CB0016E1A1 /* ProjectServiceTests.swift in Sources */ = {isa = PBXBuildFile; fileRef = B2EC2CED221683CB0016E1A1 /* ProjectServiceTests.swift */; };
		B2F3B0232240274400CC7AAF /* ActivityPresenter.swift in Sources */ = {isa = PBXBuildFile; fileRef = B2F3B0222240274400CC7AAF /* ActivityPresenter.swift */; };
		B2F3B025224027F700CC7AAF /* SelectDatePresenter.swift in Sources */ = {isa = PBXBuildFile; fileRef = B2F3B024224027F700CC7AAF /* SelectDatePresenter.swift */; };
		B2F3B0282240E0D300CC7AAF /* CalendarViewControllerPresenter.swift in Sources */ = {isa = PBXBuildFile; fileRef = B2F3B0272240E0D300CC7AAF /* CalendarViewControllerPresenter.swift */; };
		B2F3B0352240E46600CC7AAF /* CalendarController.swift in Sources */ = {isa = PBXBuildFile; fileRef = B2F3B0342240E46600CC7AAF /* CalendarController.swift */; };
		B2F3B0372240E47000CC7AAF /* MonthController.swift in Sources */ = {isa = PBXBuildFile; fileRef = B2F3B0362240E47000CC7AAF /* MonthController.swift */; };
		B2F3B0392240E47C00CC7AAF /* MonthToggleController.swift in Sources */ = {isa = PBXBuildFile; fileRef = B2F3B0382240E47C00CC7AAF /* MonthToggleController.swift */; };
		B2F3B03B2240E68C00CC7AAF /* MonthToggleDelegate.swift in Sources */ = {isa = PBXBuildFile; fileRef = B2F3B03A2240E68C00CC7AAF /* MonthToggleDelegate.swift */; };
		B2F3B03D2240EA5700CC7AAF /* WeekDay.swift in Sources */ = {isa = PBXBuildFile; fileRef = B2F3B03C2240EA5700CC7AAF /* WeekDay.swift */; };
		B2F3B0402240EB9E00CC7AAF /* MonthDelegate.swift in Sources */ = {isa = PBXBuildFile; fileRef = B2F3B03F2240EB9E00CC7AAF /* MonthDelegate.swift */; };
		B2F3B0492242006500CC7AAF /* CalendarPresenter.swift in Sources */ = {isa = PBXBuildFile; fileRef = B2F3B0482242006500CC7AAF /* CalendarPresenter.swift */; };
		B2FC63BB22199AC700DECB91 /* KeyboardHandler.swift in Sources */ = {isa = PBXBuildFile; fileRef = B2FC63B92219956600DECB91 /* KeyboardHandler.swift */; };
		BF7708C42E35FBCE57637D34 /* Pods_Watcher.framework in Frameworks */ = {isa = PBXBuildFile; fileRef = 5D5910C84B47AC12A8AE5BB1 /* Pods_Watcher.framework */; };
/* End PBXBuildFile section */

/* Begin PBXContainerItemProxy section */
		B2296FC12213647E003F9228 /* PBXContainerItemProxy */ = {
			isa = PBXContainerItemProxy;
			containerPortal = B253DAF722109C56001A1EDF /* Project object */;
			proxyType = 1;
			remoteGlobalIDString = B253DAFE22109C56001A1EDF;
			remoteInfo = Watcher;
		};
/* End PBXContainerItemProxy section */

/* Begin PBXCopyFilesBuildPhase section */
		B23C122E221CBE2300D7D2BE /* Embed Frameworks */ = {
			isa = PBXCopyFilesBuildPhase;
			buildActionMask = 2147483647;
			dstPath = "";
			dstSubfolderSpec = 10;
			files = (
				B21FADD2224CE25C009067A5 /* Persistancy.framework in Embed Frameworks */,
				B23C122D221CBE2300D7D2BE /* Transport.framework in Embed Frameworks */,
			);
			name = "Embed Frameworks";
			runOnlyForDeploymentPostprocessing = 0;
		};
/* End PBXCopyFilesBuildPhase section */

/* Begin PBXFileReference section */
		5D5910C84B47AC12A8AE5BB1 /* Pods_Watcher.framework */ = {isa = PBXFileReference; explicitFileType = wrapper.framework; includeInIndex = 0; path = Pods_Watcher.framework; sourceTree = BUILT_PRODUCTS_DIR; };
		792CCA564DACB7AEB35B64C0 /* Pods-Watcher.release.xcconfig */ = {isa = PBXFileReference; includeInIndex = 1; lastKnownFileType = text.xcconfig; name = "Pods-Watcher.release.xcconfig"; path = "Target Support Files/Pods-Watcher/Pods-Watcher.release.xcconfig"; sourceTree = "<group>"; };
		9C210BC13F64930348A08FBB /* Pods-Watcher.debug.xcconfig */ = {isa = PBXFileReference; includeInIndex = 1; lastKnownFileType = text.xcconfig; name = "Pods-Watcher.debug.xcconfig"; path = "Target Support Files/Pods-Watcher/Pods-Watcher.debug.xcconfig"; sourceTree = "<group>"; };
		B20A7CD3221A133600C28814 /* TimeLogService.swift */ = {isa = PBXFileReference; lastKnownFileType = sourcecode.swift; path = TimeLogService.swift; sourceTree = "<group>"; };
		B20A7D26221C602D00C28814 /* Transport.framework */ = {isa = PBXFileReference; explicitFileType = wrapper.framework; path = Transport.framework; sourceTree = BUILT_PRODUCTS_DIR; };
		B20C36812218CCC5007B5F6B /* TimeLogViewController.swift */ = {isa = PBXFileReference; lastKnownFileType = sourcecode.swift; path = TimeLogViewController.swift; sourceTree = "<group>"; };
		B20C36822218CCC5007B5F6B /* TimeLogViewController.xib */ = {isa = PBXFileReference; lastKnownFileType = file.xib; path = TimeLogViewController.xib; sourceTree = "<group>"; };
		B21B0673221CC80E00D50CDB /* Alamofire.framework */ = {isa = PBXFileReference; explicitFileType = wrapper.framework; path = Alamofire.framework; sourceTree = BUILT_PRODUCTS_DIR; };
		B21FADD0224CE24A009067A5 /* Persistancy.framework */ = {isa = PBXFileReference; explicitFileType = wrapper.framework; path = Persistancy.framework; sourceTree = BUILT_PRODUCTS_DIR; };
		B2296FBC2213647E003F9228 /* WatcherTests.xctest */ = {isa = PBXFileReference; explicitFileType = wrapper.cfbundle; includeInIndex = 0; path = WatcherTests.xctest; sourceTree = BUILT_PRODUCTS_DIR; };
		B2296FC02213647E003F9228 /* Info.plist */ = {isa = PBXFileReference; lastKnownFileType = text.plist.xml; path = Info.plist; sourceTree = "<group>"; };
		B2296FC822136636003F9228 /* ValidatorTests.swift */ = {isa = PBXFileReference; lastKnownFileType = sourcecode.swift; path = ValidatorTests.swift; sourceTree = "<group>"; };
		B2296FD42215532F003F9228 /* MainViewController.swift */ = {isa = PBXFileReference; lastKnownFileType = sourcecode.swift; path = MainViewController.swift; sourceTree = "<group>"; };
		B2423A95223CFD65008279FD /* CalendarService.swift */ = {isa = PBXFileReference; lastKnownFileType = sourcecode.swift; path = CalendarService.swift; sourceTree = "<group>"; };
		B2423A97223EC89A008279FD /* MonthModel.swift */ = {isa = PBXFileReference; lastKnownFileType = sourcecode.swift; path = MonthModel.swift; sourceTree = "<group>"; };
		B2423A99223EC8C7008279FD /* CalendarDayModel.swift */ = {isa = PBXFileReference; lastKnownFileType = sourcecode.swift; path = CalendarDayModel.swift; sourceTree = "<group>"; };
		B253DAFF22109C56001A1EDF /* Watcher.app */ = {isa = PBXFileReference; explicitFileType = wrapper.application; includeInIndex = 0; path = Watcher.app; sourceTree = BUILT_PRODUCTS_DIR; };
		B253DB0222109C56001A1EDF /* AppDelegate.swift */ = {isa = PBXFileReference; lastKnownFileType = sourcecode.swift; path = AppDelegate.swift; sourceTree = "<group>"; };
		B253DB0922109C57001A1EDF /* Assets.xcassets */ = {isa = PBXFileReference; lastKnownFileType = folder.assetcatalog; path = Assets.xcassets; sourceTree = "<group>"; };
		B253DB0C22109C57001A1EDF /* Base */ = {isa = PBXFileReference; lastKnownFileType = file.storyboard; name = Base; path = Base.lproj/LaunchScreen.storyboard; sourceTree = "<group>"; };
		B253DB0E22109C57001A1EDF /* Info.plist */ = {isa = PBXFileReference; lastKnownFileType = text.plist.xml; path = Info.plist; sourceTree = "<group>"; };
		B253DB262210E0CC001A1EDF /* SourceSansPro-Light.ttf */ = {isa = PBXFileReference; lastKnownFileType = file; path = "SourceSansPro-Light.ttf"; sourceTree = "<group>"; };
		B253DB272210E0CC001A1EDF /* SourceSansPro-Bold.ttf */ = {isa = PBXFileReference; lastKnownFileType = file; path = "SourceSansPro-Bold.ttf"; sourceTree = "<group>"; };
		B253DB282210E0CC001A1EDF /* SourceSansPro-SemiBold.ttf */ = {isa = PBXFileReference; lastKnownFileType = file; path = "SourceSansPro-SemiBold.ttf"; sourceTree = "<group>"; };
		B253DB292210E0CC001A1EDF /* SourceSansPro-Italic.ttf */ = {isa = PBXFileReference; lastKnownFileType = file; path = "SourceSansPro-Italic.ttf"; sourceTree = "<group>"; };
		B253DB2A2210E0CC001A1EDF /* SourceSansPro-ExtraLight.ttf */ = {isa = PBXFileReference; lastKnownFileType = file; path = "SourceSansPro-ExtraLight.ttf"; sourceTree = "<group>"; };
		B253DB2B2210E0CD001A1EDF /* SourceSansPro-ExtraLightItalic.ttf */ = {isa = PBXFileReference; lastKnownFileType = file; path = "SourceSansPro-ExtraLightItalic.ttf"; sourceTree = "<group>"; };
		B253DB2C2210E0CD001A1EDF /* SourceSansPro-Black.ttf */ = {isa = PBXFileReference; lastKnownFileType = file; path = "SourceSansPro-Black.ttf"; sourceTree = "<group>"; };
		B253DB2D2210E0CD001A1EDF /* SourceSansPro-BoldItalic.ttf */ = {isa = PBXFileReference; lastKnownFileType = file; path = "SourceSansPro-BoldItalic.ttf"; sourceTree = "<group>"; };
		B253DB2E2210E0CD001A1EDF /* SourceSansPro-Regular.ttf */ = {isa = PBXFileReference; lastKnownFileType = file; path = "SourceSansPro-Regular.ttf"; sourceTree = "<group>"; };
		B253DB2F2210E0CD001A1EDF /* SourceSansPro-LightItalic.ttf */ = {isa = PBXFileReference; lastKnownFileType = file; path = "SourceSansPro-LightItalic.ttf"; sourceTree = "<group>"; };
		B253DB302210E0CD001A1EDF /* SourceSansPro-SemiBoldItalic.ttf */ = {isa = PBXFileReference; lastKnownFileType = file; path = "SourceSansPro-SemiBoldItalic.ttf"; sourceTree = "<group>"; };
		B253DB312210E0CD001A1EDF /* SourceSansPro-BlackItalic.ttf */ = {isa = PBXFileReference; lastKnownFileType = file; path = "SourceSansPro-BlackItalic.ttf"; sourceTree = "<group>"; };
		B253DB4022116674001A1EDF /* AuthViewController.swift */ = {isa = PBXFileReference; lastKnownFileType = sourcecode.swift; path = AuthViewController.swift; sourceTree = "<group>"; };
		B253DB472212AE9D001A1EDF /* AuthService.swift */ = {isa = PBXFileReference; lastKnownFileType = sourcecode.swift; path = AuthService.swift; sourceTree = "<group>"; };
		B253DB4B2212F788001A1EDF /* Validator.swift */ = {isa = PBXFileReference; lastKnownFileType = sourcecode.swift; path = Validator.swift; sourceTree = "<group>"; };
		B25AF471223BCA440007D454 /* CalendarDayViewModel.swift */ = {isa = PBXFileReference; lastKnownFileType = sourcecode.swift; path = CalendarDayViewModel.swift; sourceTree = "<group>"; };
		B25AF477223BD37C0007D454 /* CalendarViewController.swift */ = {isa = PBXFileReference; lastKnownFileType = sourcecode.swift; path = CalendarViewController.swift; sourceTree = "<group>"; };
		B25AF478223BD37C0007D454 /* CalendarViewController.xib */ = {isa = PBXFileReference; lastKnownFileType = file.xib; path = CalendarViewController.xib; sourceTree = "<group>"; };
		B25AF47B223BD38C0007D454 /* MonthToggleViewController.swift */ = {isa = PBXFileReference; lastKnownFileType = sourcecode.swift; path = MonthToggleViewController.swift; sourceTree = "<group>"; };
		B25AF47C223BD38C0007D454 /* MonthToggleViewController.xib */ = {isa = PBXFileReference; lastKnownFileType = file.xib; path = MonthToggleViewController.xib; sourceTree = "<group>"; };
		B25AF47F223BD39D0007D454 /* MonthViewController.swift */ = {isa = PBXFileReference; lastKnownFileType = sourcecode.swift; path = MonthViewController.swift; sourceTree = "<group>"; };
		B25AF480223BD39D0007D454 /* MonthViewController.xib */ = {isa = PBXFileReference; lastKnownFileType = file.xib; path = MonthViewController.xib; sourceTree = "<group>"; };
		B25AF483223C374A0007D454 /* WeekDayCalendarCollectionViewCell.swift */ = {isa = PBXFileReference; lastKnownFileType = sourcecode.swift; path = WeekDayCalendarCollectionViewCell.swift; sourceTree = "<group>"; };
		B25AF484223C374A0007D454 /* WeekDayCalendarCollectionViewCell.xib */ = {isa = PBXFileReference; lastKnownFileType = file.xib; path = WeekDayCalendarCollectionViewCell.xib; sourceTree = "<group>"; };
		B25F6155222E613A00FB6CCE /* LogDataSource.swift */ = {isa = PBXFileReference; lastKnownFileType = sourcecode.swift; path = LogDataSource.swift; sourceTree = "<group>"; };
		B26396CA222F22750002ACC7 /* WeekStorage.swift */ = {isa = PBXFileReference; lastKnownFileType = sourcecode.swift; path = WeekStorage.swift; sourceTree = "<group>"; };
		B26396CC222F26C90002ACC7 /* MainMediatingController.swift */ = {isa = PBXFileReference; lastKnownFileType = sourcecode.swift; path = MainMediatingController.swift; sourceTree = "<group>"; };
		B26396CF222F2A330002ACC7 /* RangeCalculator.swift */ = {isa = PBXFileReference; lastKnownFileType = sourcecode.swift; path = RangeCalculator.swift; sourceTree = "<group>"; };
		B26396D22235A1920002ACC7 /* DynamicHeightViewController.swift */ = {isa = PBXFileReference; lastKnownFileType = sourcecode.swift; path = DynamicHeightViewController.swift; sourceTree = "<group>"; };
		B26396D32235A1920002ACC7 /* DynamicHeightViewController.xib */ = {isa = PBXFileReference; lastKnownFileType = file.xib; path = DynamicHeightViewController.xib; sourceTree = "<group>"; };
		B263970F223BC39A0002ACC7 /* CalendarCellCollectionViewCell.swift */ = {isa = PBXFileReference; lastKnownFileType = sourcecode.swift; path = CalendarCellCollectionViewCell.swift; sourceTree = "<group>"; };
		B2639710223BC39A0002ACC7 /* CalendarCellCollectionViewCell.xib */ = {isa = PBXFileReference; lastKnownFileType = file.xib; path = CalendarCellCollectionViewCell.xib; sourceTree = "<group>"; };
		B269488B223FCEFF000EA8AC /* SwipeInteractionController.swift */ = {isa = PBXFileReference; lastKnownFileType = sourcecode.swift; path = SwipeInteractionController.swift; sourceTree = "<group>"; };
		B29364D2224AEDCC00D2BFFF /* RealmSwift.framework */ = {isa = PBXFileReference; lastKnownFileType = wrapper.framework; name = RealmSwift.framework; path = "../../../Library/Developer/Xcode/DerivedData/Watcher-fgphqdqptukppzgmyddzxvonocvf/Build/Products/Debug-iphoneos/RealmSwift.framework"; sourceTree = "<group>"; };
		B29364D3224AEDCC00D2BFFF /* Realm.framework */ = {isa = PBXFileReference; lastKnownFileType = wrapper.framework; name = Realm.framework; path = "../../../Library/Developer/Xcode/DerivedData/Watcher-fgphqdqptukppzgmyddzxvonocvf/Build/Products/Debug-iphoneos/Realm.framework"; sourceTree = "<group>"; };
		B29D61FE222D02060079BD72 /* DayViewModel.swift */ = {isa = PBXFileReference; lastKnownFileType = sourcecode.swift; path = DayViewModel.swift; sourceTree = "<group>"; };
		B29D6200222D05290079BD72 /* LogViewModel.swift */ = {isa = PBXFileReference; lastKnownFileType = sourcecode.swift; path = LogViewModel.swift; sourceTree = "<group>"; };
		B2B5D7D9224CF50B00656B94 /* Transport-Swift.h */ = {isa = PBXFileReference; lastKnownFileType = sourcecode.c.h; path = "Transport-Swift.h"; sourceTree = "<group>"; };
		B2D666B8222724AC0083FEC3 /* WeekModel.swift */ = {isa = PBXFileReference; lastKnownFileType = sourcecode.swift; path = WeekModel.swift; sourceTree = "<group>"; };
		B2D666BD22272A450083FEC3 /* TimeLogServiceMapper.swift */ = {isa = PBXFileReference; lastKnownFileType = sourcecode.swift; path = TimeLogServiceMapper.swift; sourceTree = "<group>"; };
		B2D666C12227C3660083FEC3 /* DateFormatterManager.swift */ = {isa = PBXFileReference; lastKnownFileType = sourcecode.swift; path = DateFormatterManager.swift; sourceTree = "<group>"; };
		B2D666CA2229BD5B0083FEC3 /* ViewController.swift */ = {isa = PBXFileReference; lastKnownFileType = sourcecode.swift; path = ViewController.swift; sourceTree = "<group>"; };
		B2D66707222BF8170083FEC3 /* WeekCollectionViewController.swift */ = {isa = PBXFileReference; lastKnownFileType = sourcecode.swift; path = WeekCollectionViewController.swift; sourceTree = "<group>"; };
		B2D66708222BF8170083FEC3 /* WeekCollectionViewController.xib */ = {isa = PBXFileReference; lastKnownFileType = file.xib; path = WeekCollectionViewController.xib; sourceTree = "<group>"; };
		B2D6670C222BF96F0083FEC3 /* DayCollectionViewCell.swift */ = {isa = PBXFileReference; lastKnownFileType = sourcecode.swift; path = DayCollectionViewCell.swift; sourceTree = "<group>"; };
		B2D6670D222BF96F0083FEC3 /* DayCollectionViewCell.xib */ = {isa = PBXFileReference; lastKnownFileType = file.xib; path = DayCollectionViewCell.xib; sourceTree = "<group>"; };
		B2D66710222BFD940083FEC3 /* LogCollectionViewCell.swift */ = {isa = PBXFileReference; lastKnownFileType = sourcecode.swift; path = LogCollectionViewCell.swift; sourceTree = "<group>"; };
		B2D66711222BFD940083FEC3 /* LogCollectionViewCell.xib */ = {isa = PBXFileReference; lastKnownFileType = file.xib; path = LogCollectionViewCell.xib; sourceTree = "<group>"; };
		B2E8B74A22156AF3007FA08D /* ProjectsViewController.swift */ = {isa = PBXFileReference; lastKnownFileType = sourcecode.swift; path = ProjectsViewController.swift; sourceTree = "<group>"; };
		B2E8B754221595FA007FA08D /* ProjectService.swift */ = {isa = PBXFileReference; lastKnownFileType = sourcecode.swift; path = ProjectService.swift; sourceTree = "<group>"; };
		B2E8B75722160946007FA08D /* ProjectTableViewCell.swift */ = {isa = PBXFileReference; lastKnownFileType = sourcecode.swift; path = ProjectTableViewCell.swift; sourceTree = "<group>"; };
		B2E8B75822160946007FA08D /* ProjectTableViewCell.xib */ = {isa = PBXFileReference; lastKnownFileType = file.xib; path = ProjectTableViewCell.xib; sourceTree = "<group>"; };
		B2EA1453222069C5000F5A5D /* PresentationConstants.swift */ = {isa = PBXFileReference; fileEncoding = 4; lastKnownFileType = sourcecode.swift; path = PresentationConstants.swift; sourceTree = "<group>"; };
		B2EA145522267C06000F5A5D /* RangeViewController.swift */ = {isa = PBXFileReference; lastKnownFileType = sourcecode.swift; path = RangeViewController.swift; sourceTree = "<group>"; };
		B2EA145622267C07000F5A5D /* RangeViewController.xib */ = {isa = PBXFileReference; lastKnownFileType = file.xib; path = RangeViewController.xib; sourceTree = "<group>"; };
		B2EA14602226A74A000F5A5D /* RangeViewModel.swift */ = {isa = PBXFileReference; lastKnownFileType = sourcecode.swift; path = RangeViewModel.swift; sourceTree = "<group>"; };
		B2EC2CBE221678760016E1A1 /* ru */ = {isa = PBXFileReference; lastKnownFileType = text.plist.strings; name = ru; path = ru.lproj/Localizable.strings; sourceTree = "<group>"; };
		B2EC2CC3221678950016E1A1 /* en */ = {isa = PBXFileReference; lastKnownFileType = text.plist.strings; name = en; path = en.lproj/Localizable.strings; sourceTree = "<group>"; };
		B2EC2CCB22167E370016E1A1 /* ProjectsViewController.xib */ = {isa = PBXFileReference; fileEncoding = 4; lastKnownFileType = file.xib; path = ProjectsViewController.xib; sourceTree = "<group>"; };
		B2EC2CD422167F3F0016E1A1 /* en */ = {isa = PBXFileReference; lastKnownFileType = text.plist.strings; name = en; path = en.lproj/LaunchScreen.strings; sourceTree = "<group>"; };
		B2EC2CD622167FA70016E1A1 /* Base */ = {isa = PBXFileReference; lastKnownFileType = file.xib; name = Base; path = Base.lproj/AuthViewController.xib; sourceTree = "<group>"; };
		B2EC2CD922167FAD0016E1A1 /* en */ = {isa = PBXFileReference; lastKnownFileType = text.plist.strings; name = en; path = en.lproj/AuthViewController.strings; sourceTree = "<group>"; };
		B2EC2CDF221680240016E1A1 /* Base */ = {isa = PBXFileReference; lastKnownFileType = file.xib; name = Base; path = Base.lproj/MainViewController.xib; sourceTree = "<group>"; };
		B2EC2CE22216802A0016E1A1 /* en */ = {isa = PBXFileReference; lastKnownFileType = text.plist.strings; name = en; path = en.lproj/MainViewController.strings; sourceTree = "<group>"; };
		B2EC2CE5221682370016E1A1 /* ru */ = {isa = PBXFileReference; lastKnownFileType = text.plist.strings; name = ru; path = ru.lproj/MainViewController.strings; sourceTree = "<group>"; };
		B2EC2CE62216823F0016E1A1 /* ru */ = {isa = PBXFileReference; lastKnownFileType = text.plist.strings; name = ru; path = ru.lproj/AuthViewController.strings; sourceTree = "<group>"; };
		B2EC2CE7221682450016E1A1 /* ru */ = {isa = PBXFileReference; lastKnownFileType = text.plist.strings; name = ru; path = ru.lproj/LaunchScreen.strings; sourceTree = "<group>"; };
		B2EC2CED221683CB0016E1A1 /* ProjectServiceTests.swift */ = {isa = PBXFileReference; lastKnownFileType = sourcecode.swift; path = ProjectServiceTests.swift; sourceTree = "<group>"; };
		B2F3B0222240274400CC7AAF /* ActivityPresenter.swift */ = {isa = PBXFileReference; lastKnownFileType = sourcecode.swift; path = ActivityPresenter.swift; sourceTree = "<group>"; };
		B2F3B024224027F700CC7AAF /* SelectDatePresenter.swift */ = {isa = PBXFileReference; lastKnownFileType = sourcecode.swift; path = SelectDatePresenter.swift; sourceTree = "<group>"; };
		B2F3B0272240E0D300CC7AAF /* CalendarViewControllerPresenter.swift */ = {isa = PBXFileReference; lastKnownFileType = sourcecode.swift; path = CalendarViewControllerPresenter.swift; sourceTree = "<group>"; };
		B2F3B0342240E46600CC7AAF /* CalendarController.swift */ = {isa = PBXFileReference; lastKnownFileType = sourcecode.swift; path = CalendarController.swift; sourceTree = "<group>"; };
		B2F3B0362240E47000CC7AAF /* MonthController.swift */ = {isa = PBXFileReference; lastKnownFileType = sourcecode.swift; path = MonthController.swift; sourceTree = "<group>"; };
		B2F3B0382240E47C00CC7AAF /* MonthToggleController.swift */ = {isa = PBXFileReference; lastKnownFileType = sourcecode.swift; path = MonthToggleController.swift; sourceTree = "<group>"; };
		B2F3B03A2240E68C00CC7AAF /* MonthToggleDelegate.swift */ = {isa = PBXFileReference; lastKnownFileType = sourcecode.swift; path = MonthToggleDelegate.swift; sourceTree = "<group>"; };
		B2F3B03C2240EA5700CC7AAF /* WeekDay.swift */ = {isa = PBXFileReference; lastKnownFileType = sourcecode.swift; path = WeekDay.swift; sourceTree = "<group>"; };
		B2F3B03F2240EB9E00CC7AAF /* MonthDelegate.swift */ = {isa = PBXFileReference; lastKnownFileType = sourcecode.swift; path = MonthDelegate.swift; sourceTree = "<group>"; };
		B2F3B0482242006500CC7AAF /* CalendarPresenter.swift */ = {isa = PBXFileReference; lastKnownFileType = sourcecode.swift; path = CalendarPresenter.swift; sourceTree = "<group>"; };
		B2FC63B92219956600DECB91 /* KeyboardHandler.swift */ = {isa = PBXFileReference; lastKnownFileType = sourcecode.swift; path = KeyboardHandler.swift; sourceTree = "<group>"; };
/* End PBXFileReference section */

/* Begin PBXFrameworksBuildPhase section */
		B2296FB92213647E003F9228 /* Frameworks */ = {
			isa = PBXFrameworksBuildPhase;
			buildActionMask = 2147483647;
			files = (
			);
			runOnlyForDeploymentPostprocessing = 0;
		};
		B253DAFC22109C56001A1EDF /* Frameworks */ = {
			isa = PBXFrameworksBuildPhase;
			buildActionMask = 2147483647;
			files = (
				B21FADD1224CE24A009067A5 /* Persistancy.framework in Frameworks */,
				B23C122C221CBE2300D7D2BE /* Transport.framework in Frameworks */,
				BF7708C42E35FBCE57637D34 /* Pods_Watcher.framework in Frameworks */,
			);
			runOnlyForDeploymentPostprocessing = 0;
		};
/* End PBXFrameworksBuildPhase section */

/* Begin PBXGroup section */
		6463BCC4C5D580FB2DC0F570 /* Pods */ = {
			isa = PBXGroup;
			children = (
				9C210BC13F64930348A08FBB /* Pods-Watcher.debug.xcconfig */,
				792CCA564DACB7AEB35B64C0 /* Pods-Watcher.release.xcconfig */,
			);
			path = Pods;
			sourceTree = "<group>";
		};
		ABBA70E78C11B6636572636C /* Frameworks */ = {
			isa = PBXGroup;
			children = (
				B21FADD0224CE24A009067A5 /* Persistancy.framework */,
				B29364D2224AEDCC00D2BFFF /* RealmSwift.framework */,
				B29364D3224AEDCC00D2BFFF /* Realm.framework */,
				B21B0673221CC80E00D50CDB /* Alamofire.framework */,
				5D5910C84B47AC12A8AE5BB1 /* Pods_Watcher.framework */,
			);
			name = Frameworks;
			sourceTree = "<group>";
		};
		B20A7CD2221A11C700C28814 /* Time Log */ = {
			isa = PBXGroup;
			children = (
				B2E8B73F2215694A007FA08D /* ProjectScreen */,
				B20C367E2218CAB1007B5F6B /* TimeLogScreen */,
			);
			path = "Time Log";
			sourceTree = "<group>";
		};
		B20A7CD5221A133C00C28814 /* TimeLogService */ = {
			isa = PBXGroup;
			children = (
				B2D666BC2227291E0083FEC3 /* Mapper */,
				B20A7CD3221A133600C28814 /* TimeLogService.swift */,
			);
			path = TimeLogService;
			sourceTree = "<group>";
		};
		B20A7CD8221A1E0400C28814 /* Launch Screen */ = {
			isa = PBXGroup;
			children = (
				B253DB0B22109C57001A1EDF /* LaunchScreen.storyboard */,
			);
			path = "Launch Screen";
			sourceTree = "<group>";
		};
		B20C367E2218CAB1007B5F6B /* TimeLogScreen */ = {
			isa = PBXGroup;
			children = (
				B20C36812218CCC5007B5F6B /* TimeLogViewController.swift */,
				B20C36822218CCC5007B5F6B /* TimeLogViewController.xib */,
			);
			path = TimeLogScreen;
			sourceTree = "<group>";
		};
		B2296FBD2213647E003F9228 /* WatcherTests */ = {
			isa = PBXGroup;
			children = (
				B2EC2CE9221683630016E1A1 /* Presentation */,
				B2EC2CE8221683520016E1A1 /* Business Logic */,
				B2296FC02213647E003F9228 /* Info.plist */,
			);
			path = WatcherTests;
			sourceTree = "<group>";
		};
		B2296FD32214EA8B003F9228 /* Main */ = {
			isa = PBXGroup;
			children = (
				B263970E223BC3640002ACC7 /* Calendar */,
				B26396CE222F2A030002ACC7 /* Helper */,
				B2E8B73E221566C4007FA08D /* MainScreen */,
				B26396D1222F32E00002ACC7 /* View */,
				B29D61FD222D01E40079BD72 /* View Model */,
			);
			path = Main;
			sourceTree = "<group>";
		};
		B2423A94223CFCE1008279FD /* CalendarService */ = {
			isa = PBXGroup;
			children = (
				B2423A95223CFD65008279FD /* CalendarService.swift */,
			);
			path = CalendarService;
			sourceTree = "<group>";
		};
		B2423A9B223EDD78008279FD /* Calendar Day Cell */ = {
			isa = PBXGroup;
			children = (
				B263970F223BC39A0002ACC7 /* CalendarCellCollectionViewCell.swift */,
				B2639710223BC39A0002ACC7 /* CalendarCellCollectionViewCell.xib */,
			);
			path = "Calendar Day Cell";
			sourceTree = "<group>";
		};
		B2423A9C223EDD94008279FD /* Week Day Cell */ = {
			isa = PBXGroup;
			children = (
				B25AF483223C374A0007D454 /* WeekDayCalendarCollectionViewCell.swift */,
				B25AF484223C374A0007D454 /* WeekDayCalendarCollectionViewCell.xib */,
			);
			path = "Week Day Cell";
			sourceTree = "<group>";
		};
		B2423A9D223EE5C4008279FD /* Toggle View Controller */ = {
			isa = PBXGroup;
			children = (
				B25AF47B223BD38C0007D454 /* MonthToggleViewController.swift */,
				B25AF47C223BD38C0007D454 /* MonthToggleViewController.xib */,
			);
			path = "Toggle View Controller";
			sourceTree = "<group>";
		};
		B2423A9E223EE5D3008279FD /* Month View Controller */ = {
			isa = PBXGroup;
			children = (
				B25AF47F223BD39D0007D454 /* MonthViewController.swift */,
				B25AF480223BD39D0007D454 /* MonthViewController.xib */,
			);
			path = "Month View Controller";
			sourceTree = "<group>";
		};
		B253DAF622109C56001A1EDF = {
			isa = PBXGroup;
			children = (
				B2B5D7D9224CF50B00656B94 /* Transport-Swift.h */,
				B253DB0122109C56001A1EDF /* Watcher */,
				B2296FBD2213647E003F9228 /* WatcherTests */,
				B253DB0022109C56001A1EDF /* Products */,
				6463BCC4C5D580FB2DC0F570 /* Pods */,
				B20A7D26221C602D00C28814 /* Transport.framework */,
				ABBA70E78C11B6636572636C /* Frameworks */,
			);
			sourceTree = "<group>";
		};
		B253DB0022109C56001A1EDF /* Products */ = {
			isa = PBXGroup;
			children = (
				B253DAFF22109C56001A1EDF /* Watcher.app */,
				B2296FBC2213647E003F9228 /* WatcherTests.xctest */,
			);
			name = Products;
			sourceTree = "<group>";
		};
		B253DB0122109C56001A1EDF /* Watcher */ = {
			isa = PBXGroup;
			children = (
				B253DB1B2210C283001A1EDF /* Classes */,
				B253DB1D2210C2AC001A1EDF /* Resources */,
				B253DB1C2210C29F001A1EDF /* Supporting Files */,
			);
			path = Watcher;
			sourceTree = "<group>";
		};
		B253DB1B2210C283001A1EDF /* Classes */ = {
			isa = PBXGroup;
			children = (
				B26396C9222F21780002ACC7 /* Persistency */,
				B253DB1F2210C311001A1EDF /* Application */,
				B253DB202210C345001A1EDF /* Business Logic */,
				B253DB1E2210C302001A1EDF /* Presentation */,
			);
			path = Classes;
			sourceTree = "<group>";
		};
		B253DB1C2210C29F001A1EDF /* Supporting Files */ = {
			isa = PBXGroup;
			children = (
				B253DB0E22109C57001A1EDF /* Info.plist */,
			);
			path = "Supporting Files";
			sourceTree = "<group>";
		};
		B253DB1D2210C2AC001A1EDF /* Resources */ = {
			isa = PBXGroup;
			children = (
				B2EC2CBA221677E10016E1A1 /* Localization */,
				B253DB3E2210E0DD001A1EDF /* Fonts */,
				B253DB0922109C57001A1EDF /* Assets.xcassets */,
			);
			path = Resources;
			sourceTree = "<group>";
		};
		B253DB1E2210C302001A1EDF /* Presentation */ = {
			isa = PBXGroup;
			children = (
				B2EC2CEA2216837E0016E1A1 /* Common */,
				B253DB212210C38D001A1EDF /* User Story */,
				B20A7CD8221A1E0400C28814 /* Launch Screen */,
			);
			path = Presentation;
			sourceTree = "<group>";
		};
		B253DB1F2210C311001A1EDF /* Application */ = {
			isa = PBXGroup;
			children = (
				B253DB0222109C56001A1EDF /* AppDelegate.swift */,
			);
			path = Application;
			sourceTree = "<group>";
		};
		B253DB202210C345001A1EDF /* Business Logic */ = {
			isa = PBXGroup;
			children = (
				B2D666BA222724B20083FEC3 /* Model */,
				B253DB232210C4B8001A1EDF /* Service */,
				B2D666C12227C3660083FEC3 /* DateFormatterManager.swift */,
			);
			path = "Business Logic";
			sourceTree = "<group>";
		};
		B253DB212210C38D001A1EDF /* User Story */ = {
			isa = PBXGroup;
			children = (
				B253DB252210D028001A1EDF /* Auth */,
				B2296FD32214EA8B003F9228 /* Main */,
				B20A7CD2221A11C700C28814 /* Time Log */,
			);
			path = "User Story";
			sourceTree = "<group>";
		};
		B253DB232210C4B8001A1EDF /* Service */ = {
			isa = PBXGroup;
			children = (
				B2423A94223CFCE1008279FD /* CalendarService */,
				B2E8B752221595CB007FA08D /* AuthService */,
				B2E8B753221595D9007FA08D /* ProjectService */,
				B20A7CD5221A133C00C28814 /* TimeLogService */,
			);
			path = Service;
			sourceTree = "<group>";
		};
		B253DB252210D028001A1EDF /* Auth */ = {
			isa = PBXGroup;
			children = (
				B253DB3F22116605001A1EDF /* ViewController */,
			);
			path = Auth;
			sourceTree = "<group>";
		};
		B253DB3E2210E0DD001A1EDF /* Fonts */ = {
			isa = PBXGroup;
			children = (
				B253DB2C2210E0CD001A1EDF /* SourceSansPro-Black.ttf */,
				B253DB312210E0CD001A1EDF /* SourceSansPro-BlackItalic.ttf */,
				B253DB272210E0CC001A1EDF /* SourceSansPro-Bold.ttf */,
				B253DB2D2210E0CD001A1EDF /* SourceSansPro-BoldItalic.ttf */,
				B253DB2A2210E0CC001A1EDF /* SourceSansPro-ExtraLight.ttf */,
				B253DB2B2210E0CD001A1EDF /* SourceSansPro-ExtraLightItalic.ttf */,
				B253DB292210E0CC001A1EDF /* SourceSansPro-Italic.ttf */,
				B253DB262210E0CC001A1EDF /* SourceSansPro-Light.ttf */,
				B253DB2F2210E0CD001A1EDF /* SourceSansPro-LightItalic.ttf */,
				B253DB2E2210E0CD001A1EDF /* SourceSansPro-Regular.ttf */,
				B253DB282210E0CC001A1EDF /* SourceSansPro-SemiBold.ttf */,
				B253DB302210E0CD001A1EDF /* SourceSansPro-SemiBoldItalic.ttf */,
			);
			path = Fonts;
			sourceTree = "<group>";
		};
		B253DB3F22116605001A1EDF /* ViewController */ = {
			isa = PBXGroup;
			children = (
				B253DB4022116674001A1EDF /* AuthViewController.swift */,
				B2EC2CD722167FA70016E1A1 /* AuthViewController.xib */,
			);
			path = ViewController;
			sourceTree = "<group>";
		};
		B253DB4A2212F774001A1EDF /* Validator */ = {
			isa = PBXGroup;
			children = (
				B253DB4B2212F788001A1EDF /* Validator.swift */,
			);
			path = Validator;
			sourceTree = "<group>";
		};
		B25AF470223BCA2A0007D454 /* View Model */ = {
			isa = PBXGroup;
			children = (
				B25AF471223BCA440007D454 /* CalendarDayViewModel.swift */,
			);
			path = "View Model";
			sourceTree = "<group>";
		};
		B25AF487223C37510007D454 /* Cell */ = {
			isa = PBXGroup;
			children = (
				B2423A9B223EDD78008279FD /* Calendar Day Cell */,
				B2423A9C223EDD94008279FD /* Week Day Cell */,
			);
			path = Cell;
			sourceTree = "<group>";
		};
		B25F6154222E612200FB6CCE /* LogDataSource */ = {
			isa = PBXGroup;
			children = (
				B25F6155222E613A00FB6CCE /* LogDataSource.swift */,
			);
			path = LogDataSource;
			sourceTree = "<group>";
		};
		B25F615A222F071000FB6CCE /* DayCell */ = {
			isa = PBXGroup;
			children = (
				B29D61FE222D02060079BD72 /* DayViewModel.swift */,
			);
			path = DayCell;
			sourceTree = "<group>";
		};
		B25F615B222F072400FB6CCE /* LogCell */ = {
			isa = PBXGroup;
			children = (
				B29D6200222D05290079BD72 /* LogViewModel.swift */,
			);
			path = LogCell;
			sourceTree = "<group>";
		};
		B25F615C222F072E00FB6CCE /* RangeView */ = {
			isa = PBXGroup;
			children = (
				B2EA14602226A74A000F5A5D /* RangeViewModel.swift */,
			);
			path = RangeView;
			sourceTree = "<group>";
		};
		B26396C9222F21780002ACC7 /* Persistency */ = {
			isa = PBXGroup;
			children = (
				B26396CA222F22750002ACC7 /* WeekStorage.swift */,
			);
			path = Persistency;
			sourceTree = "<group>";
		};
		B26396CE222F2A030002ACC7 /* Helper */ = {
			isa = PBXGroup;
			children = (
				B26396CF222F2A330002ACC7 /* RangeCalculator.swift */,
			);
			path = Helper;
			sourceTree = "<group>";
		};
		B26396D1222F32E00002ACC7 /* View */ = {
			isa = PBXGroup;
			children = (
				B2D6670B222BF9560083FEC3 /* Day View */,
				B2D66714222C01000083FEC3 /* Log Cell View */,
				B2EA145F2226A676000F5A5D /* Range View */,
				B2D666D02229C2AE0083FEC3 /* Week View */,
			);
			path = View;
			sourceTree = "<group>";
		};
		B26396D62235A19A0002ACC7 /* DynamicHeightViewController */ = {
			isa = PBXGroup;
			children = (
				B26396D22235A1920002ACC7 /* DynamicHeightViewController.swift */,
				B26396D32235A1920002ACC7 /* DynamicHeightViewController.xib */,
				B269488B223FCEFF000EA8AC /* SwipeInteractionController.swift */,
			);
			path = DynamicHeightViewController;
			sourceTree = "<group>";
		};
		B263970E223BC3640002ACC7 /* Calendar */ = {
			isa = PBXGroup;
			children = (
				B2F3B03E2240EA5A00CC7AAF /* Common */,
				B2F3B0262240E0B600CC7AAF /* Presenter */,
				B2F3B02C2240E34100CC7AAF /* View */,
				B2F3B02B2240E32900CC7AAF /* View Controller */,
				B25AF470223BCA2A0007D454 /* View Model */,
			);
			path = Calendar;
			sourceTree = "<group>";
		};
		B29D61FD222D01E40079BD72 /* View Model */ = {
			isa = PBXGroup;
			children = (
				B25F615A222F071000FB6CCE /* DayCell */,
				B25F615B222F072400FB6CCE /* LogCell */,
				B25F615C222F072E00FB6CCE /* RangeView */,
			);
			path = "View Model";
			sourceTree = "<group>";
		};
		B2D666BA222724B20083FEC3 /* Model */ = {
			isa = PBXGroup;
			children = (
				B2D666B8222724AC0083FEC3 /* WeekModel.swift */,
				B2423A97223EC89A008279FD /* MonthModel.swift */,
				B2423A99223EC8C7008279FD /* CalendarDayModel.swift */,
			);
			path = Model;
			sourceTree = "<group>";
		};
		B2D666BC2227291E0083FEC3 /* Mapper */ = {
			isa = PBXGroup;
			children = (
				B2D666BD22272A450083FEC3 /* TimeLogServiceMapper.swift */,
			);
			path = Mapper;
			sourceTree = "<group>";
		};
		B2D666D02229C2AE0083FEC3 /* Week View */ = {
			isa = PBXGroup;
			children = (
				B2D66707222BF8170083FEC3 /* WeekCollectionViewController.swift */,
				B2D66708222BF8170083FEC3 /* WeekCollectionViewController.xib */,
			);
			path = "Week View";
			sourceTree = "<group>";
		};
		B2D6670B222BF9560083FEC3 /* Day View */ = {
			isa = PBXGroup;
			children = (
				B25F6154222E612200FB6CCE /* LogDataSource */,
				B2D6670C222BF96F0083FEC3 /* DayCollectionViewCell.swift */,
				B2D6670D222BF96F0083FEC3 /* DayCollectionViewCell.xib */,
			);
			path = "Day View";
			sourceTree = "<group>";
		};
		B2D66714222C01000083FEC3 /* Log Cell View */ = {
			isa = PBXGroup;
			children = (
				B2D66710222BFD940083FEC3 /* LogCollectionViewCell.swift */,
				B2D66711222BFD940083FEC3 /* LogCollectionViewCell.xib */,
			);
			path = "Log Cell View";
			sourceTree = "<group>";
		};
		B2E8B73E221566C4007FA08D /* MainScreen */ = {
			isa = PBXGroup;
			children = (
				B2296FD42215532F003F9228 /* MainViewController.swift */,
				B2EC2CE0221680240016E1A1 /* MainViewController.xib */,
				B26396CC222F26C90002ACC7 /* MainMediatingController.swift */,
			);
			path = MainScreen;
			sourceTree = "<group>";
		};
		B2E8B73F2215694A007FA08D /* ProjectScreen */ = {
			isa = PBXGroup;
			children = (
				B2E8B7562216092B007FA08D /* Cell */,
				B2E8B74A22156AF3007FA08D /* ProjectsViewController.swift */,
				B2EC2CCB22167E370016E1A1 /* ProjectsViewController.xib */,
			);
			path = ProjectScreen;
			sourceTree = "<group>";
		};
		B2E8B752221595CB007FA08D /* AuthService */ = {
			isa = PBXGroup;
			children = (
				B253DB472212AE9D001A1EDF /* AuthService.swift */,
			);
			path = AuthService;
			sourceTree = "<group>";
		};
		B2E8B753221595D9007FA08D /* ProjectService */ = {
			isa = PBXGroup;
			children = (
				B2E8B754221595FA007FA08D /* ProjectService.swift */,
			);
			path = ProjectService;
			sourceTree = "<group>";
		};
		B2E8B7562216092B007FA08D /* Cell */ = {
			isa = PBXGroup;
			children = (
				B2E8B75722160946007FA08D /* ProjectTableViewCell.swift */,
				B2E8B75822160946007FA08D /* ProjectTableViewCell.xib */,
			);
			path = Cell;
			sourceTree = "<group>";
		};
		B2EA1452222069C5000F5A5D /* Constants */ = {
			isa = PBXGroup;
			children = (
				B2EA1453222069C5000F5A5D /* PresentationConstants.swift */,
			);
			path = Constants;
			sourceTree = "<group>";
		};
		B2EA145F2226A676000F5A5D /* Range View */ = {
			isa = PBXGroup;
			children = (
				B2EA145522267C06000F5A5D /* RangeViewController.swift */,
				B2EA145622267C07000F5A5D /* RangeViewController.xib */,
			);
			path = "Range View";
			sourceTree = "<group>";
		};
		B2EC2CBA221677E10016E1A1 /* Localization */ = {
			isa = PBXGroup;
			children = (
				B2EC2CBF221678760016E1A1 /* Localizable.strings */,
				B2EC2CC4221678950016E1A1 /* Localizable.strings */,
			);
			path = Localization;
			sourceTree = "<group>";
		};
		B2EC2CE8221683520016E1A1 /* Business Logic */ = {
			isa = PBXGroup;
			children = (
				B2EC2CEC221683AC0016E1A1 /* Service */,
			);
			path = "Business Logic";
			sourceTree = "<group>";
		};
		B2EC2CE9221683630016E1A1 /* Presentation */ = {
			isa = PBXGroup;
			children = (
				B2EC2CEB2216839A0016E1A1 /* Common */,
			);
			path = Presentation;
			sourceTree = "<group>";
		};
		B2EC2CEA2216837E0016E1A1 /* Common */ = {
			isa = PBXGroup;
			children = (
				B2EA1452222069C5000F5A5D /* Constants */,
				B2FC63B82219952600DECB91 /* KeyboardHandler */,
				B253DB4A2212F774001A1EDF /* Validator */,
				B2D666CA2229BD5B0083FEC3 /* ViewController.swift */,
				B26396D62235A19A0002ACC7 /* DynamicHeightViewController */,
			);
			path = Common;
			sourceTree = "<group>";
		};
		B2EC2CEB2216839A0016E1A1 /* Common */ = {
			isa = PBXGroup;
			children = (
				B2296FC822136636003F9228 /* ValidatorTests.swift */,
			);
			path = Common;
			sourceTree = "<group>";
		};
		B2EC2CEC221683AC0016E1A1 /* Service */ = {
			isa = PBXGroup;
			children = (
				B2EC2CED221683CB0016E1A1 /* ProjectServiceTests.swift */,
			);
			path = Service;
			sourceTree = "<group>";
		};
		B2F3B0262240E0B600CC7AAF /* Presenter */ = {
			isa = PBXGroup;
			children = (
				B2F3B0222240274400CC7AAF /* ActivityPresenter.swift */,
				B2F3B0482242006500CC7AAF /* CalendarPresenter.swift */,
				B2F3B024224027F700CC7AAF /* SelectDatePresenter.swift */,
				B2F3B0292240E10C00CC7AAF /* Protocol */,
			);
			path = Presenter;
			sourceTree = "<group>";
		};
		B2F3B0292240E10C00CC7AAF /* Protocol */ = {
			isa = PBXGroup;
			children = (
				B2F3B0272240E0D300CC7AAF /* CalendarViewControllerPresenter.swift */,
			);
			path = Protocol;
			sourceTree = "<group>";
		};
		B2F3B02A2240E31900CC7AAF /* Calendar View Controller */ = {
			isa = PBXGroup;
			children = (
				B25AF477223BD37C0007D454 /* CalendarViewController.swift */,
				B25AF478223BD37C0007D454 /* CalendarViewController.xib */,
			);
			path = "Calendar View Controller";
			sourceTree = "<group>";
		};
		B2F3B02B2240E32900CC7AAF /* View Controller */ = {
			isa = PBXGroup;
			children = (
				B2F3B02D2240E3D400CC7AAF /* Protocol */,
				B2F3B02A2240E31900CC7AAF /* Calendar View Controller */,
				B2423A9E223EE5D3008279FD /* Month View Controller */,
				B2423A9D223EE5C4008279FD /* Toggle View Controller */,
			);
			path = "View Controller";
			sourceTree = "<group>";
		};
		B2F3B02C2240E34100CC7AAF /* View */ = {
			isa = PBXGroup;
			children = (
				B25AF487223C37510007D454 /* Cell */,
			);
			path = View;
			sourceTree = "<group>";
		};
		B2F3B02D2240E3D400CC7AAF /* Protocol */ = {
			isa = PBXGroup;
			children = (
				B2F3B0342240E46600CC7AAF /* CalendarController.swift */,
				B2F3B0362240E47000CC7AAF /* MonthController.swift */,
				B2F3B0382240E47C00CC7AAF /* MonthToggleController.swift */,
				B2F3B03A2240E68C00CC7AAF /* MonthToggleDelegate.swift */,
				B2F3B03F2240EB9E00CC7AAF /* MonthDelegate.swift */,
			);
			path = Protocol;
			sourceTree = "<group>";
		};
		B2F3B03E2240EA5A00CC7AAF /* Common */ = {
			isa = PBXGroup;
			children = (
				B2F3B03C2240EA5700CC7AAF /* WeekDay.swift */,
			);
			path = Common;
			sourceTree = "<group>";
		};
		B2FC63B82219952600DECB91 /* KeyboardHandler */ = {
			isa = PBXGroup;
			children = (
				B2FC63B92219956600DECB91 /* KeyboardHandler.swift */,
			);
			path = KeyboardHandler;
			sourceTree = "<group>";
		};
/* End PBXGroup section */

/* Begin PBXNativeTarget section */
		B2296FBB2213647E003F9228 /* WatcherTests */ = {
			isa = PBXNativeTarget;
			buildConfigurationList = B2296FC52213647E003F9228 /* Build configuration list for PBXNativeTarget "WatcherTests" */;
			buildPhases = (
				B2296FB82213647E003F9228 /* Sources */,
				B2296FB92213647E003F9228 /* Frameworks */,
				B2296FBA2213647E003F9228 /* Resources */,
			);
			buildRules = (
			);
			dependencies = (
				B2296FC22213647E003F9228 /* PBXTargetDependency */,
			);
			name = WatcherTests;
			productName = WatcherTests;
			productReference = B2296FBC2213647E003F9228 /* WatcherTests.xctest */;
			productType = "com.apple.product-type.bundle.unit-test";
		};
		B253DAFE22109C56001A1EDF /* Watcher */ = {
			isa = PBXNativeTarget;
			buildConfigurationList = B253DB1122109C57001A1EDF /* Build configuration list for PBXNativeTarget "Watcher" */;
			buildPhases = (
				B81FAA7B5DD3A863BE3ECB40 /* [CP] Check Pods Manifest.lock */,
				B253DAFB22109C56001A1EDF /* Sources */,
				B253DAFC22109C56001A1EDF /* Frameworks */,
				B253DAFD22109C56001A1EDF /* Resources */,
				B253DB1A2210A7BC001A1EDF /* SwiftLint Run Script */,
				B23C122E221CBE2300D7D2BE /* Embed Frameworks */,
				8FFD778DEF0DD8FA84D72C76 /* [CP] Embed Pods Frameworks */,
			);
			buildRules = (
			);
			dependencies = (
			);
			name = Watcher;
			productName = Watcher;
			productReference = B253DAFF22109C56001A1EDF /* Watcher.app */;
			productType = "com.apple.product-type.application";
		};
/* End PBXNativeTarget section */

/* Begin PBXProject section */
		B253DAF722109C56001A1EDF /* Project object */ = {
			isa = PBXProject;
			attributes = {
				LastSwiftUpdateCheck = 1010;
				LastUpgradeCheck = 1010;
				ORGANIZATIONNAME = "Маргарита";
				TargetAttributes = {
					B2296FBB2213647E003F9228 = {
						CreatedOnToolsVersion = 10.1;
						LastSwiftMigration = 1010;
						TestTargetID = B253DAFE22109C56001A1EDF;
					};
					B253DAFE22109C56001A1EDF = {
						CreatedOnToolsVersion = 10.1;
					};
				};
			};
			buildConfigurationList = B253DAFA22109C56001A1EDF /* Build configuration list for PBXProject "Watcher" */;
			compatibilityVersion = "Xcode 9.3";
			developmentRegion = en;
			hasScannedForEncodings = 0;
			knownRegions = (
				en,
				Base,
				ru,
			);
			mainGroup = B253DAF622109C56001A1EDF;
			productRefGroup = B253DB0022109C56001A1EDF /* Products */;
			projectDirPath = "";
			projectRoot = "";
			targets = (
				B253DAFE22109C56001A1EDF /* Watcher */,
				B2296FBB2213647E003F9228 /* WatcherTests */,
			);
		};
/* End PBXProject section */

/* Begin PBXResourcesBuildPhase section */
		B2296FBA2213647E003F9228 /* Resources */ = {
			isa = PBXResourcesBuildPhase;
			buildActionMask = 2147483647;
			files = (
			);
			runOnlyForDeploymentPostprocessing = 0;
		};
		B253DAFD22109C56001A1EDF /* Resources */ = {
			isa = PBXResourcesBuildPhase;
			buildActionMask = 2147483647;
			files = (
				B2D66713222BFD940083FEC3 /* LogCollectionViewCell.xib in Resources */,
				B253DB3D2210E0CD001A1EDF /* SourceSansPro-BlackItalic.ttf in Resources */,
				B253DB3C2210E0CD001A1EDF /* SourceSansPro-SemiBoldItalic.ttf in Resources */,
				B2639712223BC39A0002ACC7 /* CalendarCellCollectionViewCell.xib in Resources */,
				B25AF47E223BD38C0007D454 /* MonthToggleViewController.xib in Resources */,
				B253DB0D22109C57001A1EDF /* LaunchScreen.storyboard in Resources */,
				B253DB382210E0CD001A1EDF /* SourceSansPro-Black.ttf in Resources */,
				B253DB322210E0CD001A1EDF /* SourceSansPro-Light.ttf in Resources */,
				B2EC2CC2221678950016E1A1 /* Localizable.strings in Resources */,
				B2EA145822267C07000F5A5D /* RangeViewController.xib in Resources */,
				B20C36842218CCC5007B5F6B /* TimeLogViewController.xib in Resources */,
				B253DB342210E0CD001A1EDF /* SourceSansPro-SemiBold.ttf in Resources */,
				B253DB3A2210E0CD001A1EDF /* SourceSansPro-Regular.ttf in Resources */,
				B26396D52235A1920002ACC7 /* DynamicHeightViewController.xib in Resources */,
				B253DB352210E0CD001A1EDF /* SourceSansPro-Italic.ttf in Resources */,
				B25AF486223C374A0007D454 /* WeekDayCalendarCollectionViewCell.xib in Resources */,
				B2EC2CD522167FA70016E1A1 /* AuthViewController.xib in Resources */,
				B253DB0A22109C57001A1EDF /* Assets.xcassets in Resources */,
				B25AF482223BD39D0007D454 /* MonthViewController.xib in Resources */,
				B253DB392210E0CD001A1EDF /* SourceSansPro-BoldItalic.ttf in Resources */,
				B2EC2CCC22167E370016E1A1 /* ProjectsViewController.xib in Resources */,
				B2D6670F222BF96F0083FEC3 /* DayCollectionViewCell.xib in Resources */,
				B2D6670A222BF8170083FEC3 /* WeekCollectionViewController.xib in Resources */,
				B25AF47A223BD37C0007D454 /* CalendarViewController.xib in Resources */,
				B2E8B75A22160946007FA08D /* ProjectTableViewCell.xib in Resources */,
				B253DB3B2210E0CD001A1EDF /* SourceSansPro-LightItalic.ttf in Resources */,
				B253DB372210E0CD001A1EDF /* SourceSansPro-ExtraLightItalic.ttf in Resources */,
				B2EC2CBD221678760016E1A1 /* Localizable.strings in Resources */,
				B253DB362210E0CD001A1EDF /* SourceSansPro-ExtraLight.ttf in Resources */,
				B2EC2CDE221680240016E1A1 /* MainViewController.xib in Resources */,
				B253DB332210E0CD001A1EDF /* SourceSansPro-Bold.ttf in Resources */,
			);
			runOnlyForDeploymentPostprocessing = 0;
		};
/* End PBXResourcesBuildPhase section */

/* Begin PBXShellScriptBuildPhase section */
		8FFD778DEF0DD8FA84D72C76 /* [CP] Embed Pods Frameworks */ = {
			isa = PBXShellScriptBuildPhase;
			buildActionMask = 2147483647;
			files = (
			);
			inputFileListPaths = (
			);
			inputPaths = (
				"${PODS_ROOT}/Target Support Files/Pods-Watcher/Pods-Watcher-frameworks.sh",
				"${BUILT_PRODUCTS_DIR}/Alamofire/Alamofire.framework",
				"${BUILT_PRODUCTS_DIR}/Realm/Realm.framework",
				"${BUILT_PRODUCTS_DIR}/RealmSwift/RealmSwift.framework",
			);
			name = "[CP] Embed Pods Frameworks";
			outputFileListPaths = (
			);
			outputPaths = (
				"${TARGET_BUILD_DIR}/${FRAMEWORKS_FOLDER_PATH}/Alamofire.framework",
				"${TARGET_BUILD_DIR}/${FRAMEWORKS_FOLDER_PATH}/Realm.framework",
				"${TARGET_BUILD_DIR}/${FRAMEWORKS_FOLDER_PATH}/RealmSwift.framework",
			);
			runOnlyForDeploymentPostprocessing = 0;
			shellPath = /bin/sh;
			shellScript = "\"${PODS_ROOT}/Target Support Files/Pods-Watcher/Pods-Watcher-frameworks.sh\"\n";
			showEnvVarsInLog = 0;
		};
		B253DB1A2210A7BC001A1EDF /* SwiftLint Run Script */ = {
			isa = PBXShellScriptBuildPhase;
			buildActionMask = 2147483647;
			files = (
			);
			inputFileListPaths = (
			);
			inputPaths = (
			);
			name = "SwiftLint Run Script";
			outputFileListPaths = (
			);
			outputPaths = (
			);
			runOnlyForDeploymentPostprocessing = 0;
			shellPath = /bin/sh;
			shellScript = "# Type a script or drag a script file from your workspace to insert its path.\n\"${PODS_ROOT}/SwiftLint/swiftlint\"\n";
		};
		B81FAA7B5DD3A863BE3ECB40 /* [CP] Check Pods Manifest.lock */ = {
			isa = PBXShellScriptBuildPhase;
			buildActionMask = 2147483647;
			files = (
			);
			inputFileListPaths = (
			);
			inputPaths = (
				"${PODS_PODFILE_DIR_PATH}/Podfile.lock",
				"${PODS_ROOT}/Manifest.lock",
			);
			name = "[CP] Check Pods Manifest.lock";
			outputFileListPaths = (
			);
			outputPaths = (
				"$(DERIVED_FILE_DIR)/Pods-Watcher-checkManifestLockResult.txt",
			);
			runOnlyForDeploymentPostprocessing = 0;
			shellPath = /bin/sh;
			shellScript = "diff \"${PODS_PODFILE_DIR_PATH}/Podfile.lock\" \"${PODS_ROOT}/Manifest.lock\" > /dev/null\nif [ $? != 0 ] ; then\n    # print error to STDERR\n    echo \"error: The sandbox is not in sync with the Podfile.lock. Run 'pod install' or update your CocoaPods installation.\" >&2\n    exit 1\nfi\n# This output is used by Xcode 'outputs' to avoid re-running this script phase.\necho \"SUCCESS\" > \"${SCRIPT_OUTPUT_FILE_0}\"\n";
			showEnvVarsInLog = 0;
		};
/* End PBXShellScriptBuildPhase section */

/* Begin PBXSourcesBuildPhase section */
		B2296FB82213647E003F9228 /* Sources */ = {
			isa = PBXSourcesBuildPhase;
			buildActionMask = 2147483647;
			files = (
				B2296FC922136636003F9228 /* ValidatorTests.swift in Sources */,
				B2EC2CEE221683CB0016E1A1 /* ProjectServiceTests.swift in Sources */,
			);
			runOnlyForDeploymentPostprocessing = 0;
		};
		B253DAFB22109C56001A1EDF /* Sources */ = {
			isa = PBXSourcesBuildPhase;
			buildActionMask = 2147483647;
			files = (
				B20C36832218CCC5007B5F6B /* TimeLogViewController.swift in Sources */,
				B25AF47D223BD38C0007D454 /* MonthToggleViewController.swift in Sources */,
				B2D666BE22272A450083FEC3 /* TimeLogServiceMapper.swift in Sources */,
				B2F3B0282240E0D300CC7AAF /* CalendarViewControllerPresenter.swift in Sources */,
				B2FC63BB22199AC700DECB91 /* KeyboardHandler.swift in Sources */,
				B25F6156222E613A00FB6CCE /* LogDataSource.swift in Sources */,
				B26396CB222F22750002ACC7 /* WeekStorage.swift in Sources */,
				B269488C223FCEFF000EA8AC /* SwipeInteractionController.swift in Sources */,
				B2D6670E222BF96F0083FEC3 /* DayCollectionViewCell.swift in Sources */,
				B2F3B0392240E47C00CC7AAF /* MonthToggleController.swift in Sources */,
				B2296FD62215532F003F9228 /* MainViewController.swift in Sources */,
				B25AF481223BD39D0007D454 /* MonthViewController.swift in Sources */,
				B2EA1454222069C5000F5A5D /* PresentationConstants.swift in Sources */,
				B2E8B74C22156AF3007FA08D /* ProjectsViewController.swift in Sources */,
				B2F3B0352240E46600CC7AAF /* CalendarController.swift in Sources */,
				B253DB4122116674001A1EDF /* AuthViewController.swift in Sources */,
				B2639711223BC39A0002ACC7 /* CalendarCellCollectionViewCell.swift in Sources */,
				B25AF472223BCA440007D454 /* CalendarDayViewModel.swift in Sources */,
				B2F3B0372240E47000CC7AAF /* MonthController.swift in Sources */,
				B25AF479223BD37C0007D454 /* CalendarViewController.swift in Sources */,
				B2F3B0402240EB9E00CC7AAF /* MonthDelegate.swift in Sources */,
				B2D66709222BF8170083FEC3 /* WeekCollectionViewController.swift in Sources */,
				B26396CD222F26C90002ACC7 /* MainMediatingController.swift in Sources */,
				B2D666B9222724AC0083FEC3 /* WeekModel.swift in Sources */,
				B2D66712222BFD940083FEC3 /* LogCollectionViewCell.swift in Sources */,
				B2F3B0232240274400CC7AAF /* ActivityPresenter.swift in Sources */,
				B29D6201222D05290079BD72 /* LogViewModel.swift in Sources */,
				B26396D42235A1920002ACC7 /* DynamicHeightViewController.swift in Sources */,
				B29D61FF222D02060079BD72 /* DayViewModel.swift in Sources */,
				B20A7CD4221A133600C28814 /* TimeLogService.swift in Sources */,
				B25AF485223C374A0007D454 /* WeekDayCalendarCollectionViewCell.swift in Sources */,
				B2E8B755221595FA007FA08D /* ProjectService.swift in Sources */,
				B253DB482212AE9D001A1EDF /* AuthService.swift in Sources */,
				B2F3B03D2240EA5700CC7AAF /* WeekDay.swift in Sources */,
				B2F3B0492242006500CC7AAF /* CalendarPresenter.swift in Sources */,
				B2D666C22227C3660083FEC3 /* DateFormatterManager.swift in Sources */,
				B2D666CB2229BD5B0083FEC3 /* ViewController.swift in Sources */,
				B253DB4C2212F789001A1EDF /* Validator.swift in Sources */,
				B2E8B75922160946007FA08D /* ProjectTableViewCell.swift in Sources */,
				B2423A98223EC89A008279FD /* MonthModel.swift in Sources */,
				B2EA145722267C07000F5A5D /* RangeViewController.swift in Sources */,
				B26396D0222F2A330002ACC7 /* RangeCalculator.swift in Sources */,
				B2EA14612226A74A000F5A5D /* RangeViewModel.swift in Sources */,
				B2F3B03B2240E68C00CC7AAF /* MonthToggleDelegate.swift in Sources */,
				B2423A96223CFD65008279FD /* CalendarService.swift in Sources */,
				B253DB0322109C56001A1EDF /* AppDelegate.swift in Sources */,
				B2F3B025224027F700CC7AAF /* SelectDatePresenter.swift in Sources */,
				B2423A9A223EC8C7008279FD /* CalendarDayModel.swift in Sources */,
			);
			runOnlyForDeploymentPostprocessing = 0;
		};
/* End PBXSourcesBuildPhase section */

/* Begin PBXTargetDependency section */
		B2296FC22213647E003F9228 /* PBXTargetDependency */ = {
			isa = PBXTargetDependency;
			target = B253DAFE22109C56001A1EDF /* Watcher */;
			targetProxy = B2296FC12213647E003F9228 /* PBXContainerItemProxy */;
		};
/* End PBXTargetDependency section */

/* Begin PBXVariantGroup section */
		B253DB0B22109C57001A1EDF /* LaunchScreen.storyboard */ = {
			isa = PBXVariantGroup;
			children = (
				B253DB0C22109C57001A1EDF /* Base */,
				B2EC2CD422167F3F0016E1A1 /* en */,
				B2EC2CE7221682450016E1A1 /* ru */,
			);
			name = LaunchScreen.storyboard;
			sourceTree = "<group>";
		};
		B2EC2CBF221678760016E1A1 /* Localizable.strings */ = {
			isa = PBXVariantGroup;
			children = (
				B2EC2CBE221678760016E1A1 /* ru */,
			);
			name = Localizable.strings;
			sourceTree = "<group>";
		};
		B2EC2CC4221678950016E1A1 /* Localizable.strings */ = {
			isa = PBXVariantGroup;
			children = (
				B2EC2CC3221678950016E1A1 /* en */,
			);
			name = Localizable.strings;
			sourceTree = "<group>";
		};
		B2EC2CD722167FA70016E1A1 /* AuthViewController.xib */ = {
			isa = PBXVariantGroup;
			children = (
				B2EC2CD622167FA70016E1A1 /* Base */,
				B2EC2CD922167FAD0016E1A1 /* en */,
				B2EC2CE62216823F0016E1A1 /* ru */,
			);
			name = AuthViewController.xib;
			sourceTree = "<group>";
		};
		B2EC2CE0221680240016E1A1 /* MainViewController.xib */ = {
			isa = PBXVariantGroup;
			children = (
				B2EC2CDF221680240016E1A1 /* Base */,
				B2EC2CE22216802A0016E1A1 /* en */,
				B2EC2CE5221682370016E1A1 /* ru */,
			);
			name = MainViewController.xib;
			sourceTree = "<group>";
		};
/* End PBXVariantGroup section */

/* Begin XCBuildConfiguration section */
		B2296FC32213647E003F9228 /* Debug */ = {
			isa = XCBuildConfiguration;
			buildSettings = {
				BUNDLE_LOADER = "$(TEST_HOST)";
				CLANG_ENABLE_MODULES = YES;
				CODE_SIGN_STYLE = Automatic;
				DEVELOPMENT_TEAM = R2M678956L;
				INFOPLIST_FILE = WatcherTests/Info.plist;
				LD_RUNPATH_SEARCH_PATHS = (
					"$(inherited)",
					"@executable_path/Frameworks",
					"@loader_path/Frameworks",
				);
				PRODUCT_BUNDLE_IDENTIFIER = margot.WatcherTests;
				PRODUCT_NAME = "$(TARGET_NAME)";
				SWIFT_OPTIMIZATION_LEVEL = "-Onone";
				SWIFT_VERSION = 4.2;
				TARGETED_DEVICE_FAMILY = "1,2";
				TEST_HOST = "$(BUILT_PRODUCTS_DIR)/Watcher.app/Watcher";
			};
			name = Debug;
		};
		B2296FC42213647E003F9228 /* Release */ = {
			isa = XCBuildConfiguration;
			buildSettings = {
				BUNDLE_LOADER = "$(TEST_HOST)";
				CLANG_ENABLE_MODULES = YES;
				CODE_SIGN_STYLE = Automatic;
				DEVELOPMENT_TEAM = R2M678956L;
				INFOPLIST_FILE = WatcherTests/Info.plist;
				LD_RUNPATH_SEARCH_PATHS = (
					"$(inherited)",
					"@executable_path/Frameworks",
					"@loader_path/Frameworks",
				);
				PRODUCT_BUNDLE_IDENTIFIER = margot.WatcherTests;
				PRODUCT_NAME = "$(TARGET_NAME)";
				SWIFT_VERSION = 4.2;
				TARGETED_DEVICE_FAMILY = "1,2";
				TEST_HOST = "$(BUILT_PRODUCTS_DIR)/Watcher.app/Watcher";
			};
			name = Release;
		};
		B253DB0F22109C57001A1EDF /* Debug */ = {
			isa = XCBuildConfiguration;
			buildSettings = {
				ALWAYS_SEARCH_USER_PATHS = NO;
				CLANG_ANALYZER_LOCALIZABILITY_NONLOCALIZED = YES;
				CLANG_ANALYZER_NONNULL = YES;
				CLANG_ANALYZER_NUMBER_OBJECT_CONVERSION = YES_AGGRESSIVE;
				CLANG_CXX_LANGUAGE_STANDARD = "gnu++14";
				CLANG_CXX_LIBRARY = "libc++";
				CLANG_ENABLE_MODULES = YES;
				CLANG_ENABLE_OBJC_ARC = YES;
				CLANG_ENABLE_OBJC_WEAK = YES;
				CLANG_WARN_BLOCK_CAPTURE_AUTORELEASING = YES;
				CLANG_WARN_BOOL_CONVERSION = YES;
				CLANG_WARN_COMMA = YES;
				CLANG_WARN_CONSTANT_CONVERSION = YES;
				CLANG_WARN_DEPRECATED_OBJC_IMPLEMENTATIONS = YES;
				CLANG_WARN_DIRECT_OBJC_ISA_USAGE = YES_ERROR;
				CLANG_WARN_DOCUMENTATION_COMMENTS = YES;
				CLANG_WARN_EMPTY_BODY = YES;
				CLANG_WARN_ENUM_CONVERSION = YES;
				CLANG_WARN_INFINITE_RECURSION = YES;
				CLANG_WARN_INT_CONVERSION = YES;
				CLANG_WARN_NON_LITERAL_NULL_CONVERSION = YES;
				CLANG_WARN_OBJC_IMPLICIT_RETAIN_SELF = YES;
				CLANG_WARN_OBJC_LITERAL_CONVERSION = YES;
				CLANG_WARN_OBJC_ROOT_CLASS = YES_ERROR;
				CLANG_WARN_RANGE_LOOP_ANALYSIS = YES;
				CLANG_WARN_STRICT_PROTOTYPES = YES;
				CLANG_WARN_SUSPICIOUS_MOVE = YES;
				CLANG_WARN_UNGUARDED_AVAILABILITY = YES_AGGRESSIVE;
				CLANG_WARN_UNREACHABLE_CODE = YES;
				CLANG_WARN__DUPLICATE_METHOD_MATCH = YES;
				CODE_SIGN_IDENTITY = "iPhone Developer";
				COPY_PHASE_STRIP = NO;
				DEBUG_INFORMATION_FORMAT = dwarf;
				ENABLE_STRICT_OBJC_MSGSEND = YES;
				ENABLE_TESTABILITY = YES;
				GCC_C_LANGUAGE_STANDARD = gnu11;
				GCC_DYNAMIC_NO_PIC = NO;
				GCC_NO_COMMON_BLOCKS = YES;
				GCC_OPTIMIZATION_LEVEL = 0;
				GCC_PREPROCESSOR_DEFINITIONS = (
					"DEBUG=1",
					"$(inherited)",
				);
				GCC_WARN_64_TO_32_BIT_CONVERSION = YES;
				GCC_WARN_ABOUT_RETURN_TYPE = YES_ERROR;
				GCC_WARN_UNDECLARED_SELECTOR = YES;
				GCC_WARN_UNINITIALIZED_AUTOS = YES_AGGRESSIVE;
				GCC_WARN_UNUSED_FUNCTION = YES;
				GCC_WARN_UNUSED_VARIABLE = YES;
				IPHONEOS_DEPLOYMENT_TARGET = 12.1;
				MTL_ENABLE_DEBUG_INFO = INCLUDE_SOURCE;
				MTL_FAST_MATH = YES;
				ONLY_ACTIVE_ARCH = YES;
				SDKROOT = iphoneos;
				SWIFT_ACTIVE_COMPILATION_CONDITIONS = DEBUG;
				SWIFT_OPTIMIZATION_LEVEL = "-Onone";
			};
			name = Debug;
		};
		B253DB1022109C57001A1EDF /* Release */ = {
			isa = XCBuildConfiguration;
			buildSettings = {
				ALWAYS_SEARCH_USER_PATHS = NO;
				CLANG_ANALYZER_LOCALIZABILITY_NONLOCALIZED = YES;
				CLANG_ANALYZER_NONNULL = YES;
				CLANG_ANALYZER_NUMBER_OBJECT_CONVERSION = YES_AGGRESSIVE;
				CLANG_CXX_LANGUAGE_STANDARD = "gnu++14";
				CLANG_CXX_LIBRARY = "libc++";
				CLANG_ENABLE_MODULES = YES;
				CLANG_ENABLE_OBJC_ARC = YES;
				CLANG_ENABLE_OBJC_WEAK = YES;
				CLANG_WARN_BLOCK_CAPTURE_AUTORELEASING = YES;
				CLANG_WARN_BOOL_CONVERSION = YES;
				CLANG_WARN_COMMA = YES;
				CLANG_WARN_CONSTANT_CONVERSION = YES;
				CLANG_WARN_DEPRECATED_OBJC_IMPLEMENTATIONS = YES;
				CLANG_WARN_DIRECT_OBJC_ISA_USAGE = YES_ERROR;
				CLANG_WARN_DOCUMENTATION_COMMENTS = YES;
				CLANG_WARN_EMPTY_BODY = YES;
				CLANG_WARN_ENUM_CONVERSION = YES;
				CLANG_WARN_INFINITE_RECURSION = YES;
				CLANG_WARN_INT_CONVERSION = YES;
				CLANG_WARN_NON_LITERAL_NULL_CONVERSION = YES;
				CLANG_WARN_OBJC_IMPLICIT_RETAIN_SELF = YES;
				CLANG_WARN_OBJC_LITERAL_CONVERSION = YES;
				CLANG_WARN_OBJC_ROOT_CLASS = YES_ERROR;
				CLANG_WARN_RANGE_LOOP_ANALYSIS = YES;
				CLANG_WARN_STRICT_PROTOTYPES = YES;
				CLANG_WARN_SUSPICIOUS_MOVE = YES;
				CLANG_WARN_UNGUARDED_AVAILABILITY = YES_AGGRESSIVE;
				CLANG_WARN_UNREACHABLE_CODE = YES;
				CLANG_WARN__DUPLICATE_METHOD_MATCH = YES;
				CODE_SIGN_IDENTITY = "iPhone Developer";
				COPY_PHASE_STRIP = NO;
				DEBUG_INFORMATION_FORMAT = "dwarf-with-dsym";
				ENABLE_NS_ASSERTIONS = NO;
				ENABLE_STRICT_OBJC_MSGSEND = YES;
				GCC_C_LANGUAGE_STANDARD = gnu11;
				GCC_NO_COMMON_BLOCKS = YES;
				GCC_WARN_64_TO_32_BIT_CONVERSION = YES;
				GCC_WARN_ABOUT_RETURN_TYPE = YES_ERROR;
				GCC_WARN_UNDECLARED_SELECTOR = YES;
				GCC_WARN_UNINITIALIZED_AUTOS = YES_AGGRESSIVE;
				GCC_WARN_UNUSED_FUNCTION = YES;
				GCC_WARN_UNUSED_VARIABLE = YES;
				IPHONEOS_DEPLOYMENT_TARGET = 12.1;
				MTL_ENABLE_DEBUG_INFO = NO;
				MTL_FAST_MATH = YES;
				SDKROOT = iphoneos;
				SWIFT_COMPILATION_MODE = wholemodule;
				SWIFT_OPTIMIZATION_LEVEL = "-O";
				VALIDATE_PRODUCT = YES;
			};
			name = Release;
		};
		B253DB1222109C57001A1EDF /* Debug */ = {
			isa = XCBuildConfiguration;
			baseConfigurationReference = 9C210BC13F64930348A08FBB /* Pods-Watcher.debug.xcconfig */;
			buildSettings = {
				ASSETCATALOG_COMPILER_APPICON_NAME = AppIcon;
				CODE_SIGN_IDENTITY = "iPhone Developer";
				CODE_SIGN_STYLE = Automatic;
				DEVELOPMENT_TEAM = R2M678956L;
				INFOPLIST_FILE = "Watcher/Supporting Files/Info.plist";
				LD_RUNPATH_SEARCH_PATHS = (
					"$(inherited)",
					"@executable_path/Frameworks",
				);
				PRODUCT_BUNDLE_IDENTIFIER = margot.Watcher;
				PRODUCT_NAME = "$(TARGET_NAME)";
				PROVISIONING_PROFILE_SPECIFIER = "";
				SWIFT_VERSION = 4.2;
				TARGETED_DEVICE_FAMILY = 1;
			};
			name = Debug;
		};
		B253DB1322109C57001A1EDF /* Release */ = {
			isa = XCBuildConfiguration;
			baseConfigurationReference = 792CCA564DACB7AEB35B64C0 /* Pods-Watcher.release.xcconfig */;
			buildSettings = {
				ASSETCATALOG_COMPILER_APPICON_NAME = AppIcon;
				CODE_SIGN_IDENTITY = "iPhone Developer";
				CODE_SIGN_STYLE = Automatic;
				DEVELOPMENT_TEAM = R2M678956L;
				INFOPLIST_FILE = "Watcher/Supporting Files/Info.plist";
				LD_RUNPATH_SEARCH_PATHS = (
					"$(inherited)",
					"@executable_path/Frameworks",
				);
				PRODUCT_BUNDLE_IDENTIFIER = margot.Watcher;
				PRODUCT_NAME = "$(TARGET_NAME)";
				PROVISIONING_PROFILE_SPECIFIER = "";
				SWIFT_VERSION = 4.2;
				TARGETED_DEVICE_FAMILY = 1;
			};
			name = Release;
		};
/* End XCBuildConfiguration section */

/* Begin XCConfigurationList section */
		B2296FC52213647E003F9228 /* Build configuration list for PBXNativeTarget "WatcherTests" */ = {
			isa = XCConfigurationList;
			buildConfigurations = (
				B2296FC32213647E003F9228 /* Debug */,
				B2296FC42213647E003F9228 /* Release */,
			);
			defaultConfigurationIsVisible = 0;
			defaultConfigurationName = Release;
		};
		B253DAFA22109C56001A1EDF /* Build configuration list for PBXProject "Watcher" */ = {
			isa = XCConfigurationList;
			buildConfigurations = (
				B253DB0F22109C57001A1EDF /* Debug */,
				B253DB1022109C57001A1EDF /* Release */,
			);
			defaultConfigurationIsVisible = 0;
			defaultConfigurationName = Release;
		};
		B253DB1122109C57001A1EDF /* Build configuration list for PBXNativeTarget "Watcher" */ = {
			isa = XCConfigurationList;
			buildConfigurations = (
				B253DB1222109C57001A1EDF /* Debug */,
				B253DB1322109C57001A1EDF /* Release */,
			);
			defaultConfigurationIsVisible = 0;
			defaultConfigurationName = Release;
		};
/* End XCConfigurationList section */
	};
	rootObject = B253DAF722109C56001A1EDF /* Project object */;
}
